{
  "version": 4,
  "terraform_version": "1.12.0",
  "serial": 30,
  "lineage": "96789fdf-0a31-e1b3-a95d-839bcef159a5",
  "outputs": {
    "jenkins_private_ip": {
      "value": "10.0.1.4",
      "type": "string"
    },
    "jenkins_public_ip": {
      "value": "172.190.222.214",
      "type": "string"
    },
    "resource_group_name": {
      "value": "cicd-rg",
      "type": "string"
    }
  },
  "resources": [
    {
      "mode": "managed",
      "type": "azurerm_resource_group",
      "name": "cicd",
      "provider": "provider[\"registry.terraform.io/hashicorp/azurerm\"]",
      "instances": [
        {
          "schema_version": 0,
          "attributes": {
            "id": "/subscriptions/327adb70-c43a-41d1-8665-4ccbfcc3cc11/resourceGroups/cicd-rg",
            "location": "eastus",
            "managed_by": "",
            "name": "cicd-rg",
            "tags": {
              "Environment": "cicd",
              "Project": "jenkins"
            },
            "timeouts": null
          },
          "sensitive_attributes": [],
          "identity_schema_version": 0,
          "private": "eyJlMmJmYjczMC1lY2FhLTExZTYtOGY4OC0zNDM2M2JjN2M0YzAiOnsiY3JlYXRlIjo1NDAwMDAwMDAwMDAwLCJkZWxldGUiOjU0MDAwMDAwMDAwMDAsInJlYWQiOjMwMDAwMDAwMDAwMCwidXBkYXRlIjo1NDAwMDAwMDAwMDAwfX0="
        }
      ]
    },
    {
      "module": "module.compute",
      "mode": "managed",
      "type": "azurerm_linux_virtual_machine",
      "name": "jenkins_vm",
      "provider": "provider[\"registry.terraform.io/hashicorp/azurerm\"]",
      "instances": [
        {
          "schema_version": 0,
          "attributes": {
            "additional_capabilities": [],
            "admin_password": null,
            "admin_ssh_key": [
              {
                "public_key": "ssh-rsa AAAAB3NzaC1yc2EAAAADAQABAAABgQDD97Z0p8ahRLwhHIoiUq1Mm3rx5e7Z/82+9mhvT4DaMHKs0anoE0sg5l8pw1Vyaz8FQkIuMANoTn1OZZ0sRBvGVsYZFRXZolJHHat1U64dHCvYnWuAjDLRmETi1NTN+PjuSeUyitlvVCMFVCmyPNFOBE2JBWF0UcWC3UwVW7CtAHU/DPf3NAh9WNmKk1uDXr4R9dEbc01QPMXSPcscdkaWkbnYE1uQ7lvjGlo59UObLlkYJ+GwpOMdjj0eZIgx0MbmEwbaoi4IlcZpmQiQXUSaE/jOC240tyX2gZM3rsbNzfPVASUBRSnAux2BwAXtFiYDXaumYjP0Rj+lfYBwKYxYatKnZ1d/gsy6MesQ6shAZJioAC79FCRO+/RE+MSDXozEb+AABB/6jWUkjj83q7aRdG1KWXd1b5e94x0xElIUK9Ju5v2Zy8Fz+jmCTbWhPkcdvxu173/x93fw7pEfT4uL9TcW+++8xCjN8kjNqAkua9H/ZMKl3RPqflBlfDGHJy8= usuario@i7-MasterRace-PC\r\n",
                "username": "azureuser"
              }
            ],
            "admin_username": "azureuser",
            "allow_extension_operations": true,
            "availability_set_id": "",
            "boot_diagnostics": [],
            "bypass_platform_safety_checks_on_user_schedule_enabled": false,
            "capacity_reservation_group_id": "",
            "computer_name": "jenkins-vm",
            "custom_data": "I2Nsb3VkLWNvbmZpZw0KcGFja2FnZV91cGRhdGU6IHRydWUNCnBhY2thZ2VfdXBncmFkZTogdHJ1ZQ0KDQpwYWNrYWdlczoNCiAgLSBhcHQtdHJhbnNwb3J0LWh0dHBzDQogIC0gY2EtY2VydGlmaWNhdGVzDQogIC0gY3VybA0KICAtIHNvZnR3YXJlLXByb3BlcnRpZXMtY29tbW9uDQogIC0gZ251cGcNCiAgLSBsc2ItcmVsZWFzZQ0KDQpydW5jbWQ6DQogICMgSW5zdGFsbCBKYXZhIDIxDQogIC0gYXB0LWdldCB1cGRhdGUNCiAgLSBhcHQtZ2V0IGluc3RhbGwgLXkgd2dldCBhcHQtdHJhbnNwb3J0LWh0dHBzDQogIC0gd2dldCAtTyAtIGh0dHBzOi8vcGFja2FnZXMuYWRvcHRpdW0ubmV0L2FydGlmYWN0b3J5L2FwaS9ncGcva2V5L3B1YmxpYyB8IGFwdC1rZXkgYWRkIC0NCiAgLSBlY2hvICJkZWIgaHR0cHM6Ly9wYWNrYWdlcy5hZG9wdGl1bS5uZXQvYXJ0aWZhY3RvcnkvZGViICQoYXdrIC1GPSAnL15WRVJTSU9OX0NPREVOQU1FL3twcmludCQyfScgL2V0Yy9vcy1yZWxlYXNlKSBtYWluIiB8IHRlZSAvZXRjL2FwdC9zb3VyY2VzLmxpc3QuZC9hZG9wdGl1bS5saXN0DQogIC0gYXB0LWdldCB1cGRhdGUNCiAgLSBhcHQtZ2V0IGluc3RhbGwgLXkgdGVtdXJpbi0yMS1qZGsNCiAgLSB1cGRhdGUtYWx0ZXJuYXRpdmVzIC0tc2V0IGphdmEgL3Vzci9saWIvanZtL3RlbXVyaW4tMjEtamRrLWFtZDY0L2Jpbi9qYXZhDQogIA0KICAjIEFkZCBKZW5raW5zIHJlcG9zaXRvcnkNCiAgLSBjdXJsIC1mc1NMIGh0dHBzOi8vcGtnLmplbmtpbnMuaW8vZGViaWFuLXN0YWJsZS9qZW5raW5zLmlvLTIwMjMua2V5IHwgc3VkbyB0ZWUgL3Vzci9zaGFyZS9rZXlyaW5ncy9qZW5raW5zLWtleXJpbmcuYXNjID4gL2Rldi9udWxsDQogIC0gZWNobyBkZWIgW3NpZ25lZC1ieT0vdXNyL3NoYXJlL2tleXJpbmdzL2plbmtpbnMta2V5cmluZy5hc2NdIGh0dHBzOi8vcGtnLmplbmtpbnMuaW8vZGViaWFuLXN0YWJsZSBiaW5hcnkvIHwgc3VkbyB0ZWUgL2V0Yy9hcHQvc291cmNlcy5saXN0LmQvamVua2lucy5saXN0ID4gL2Rldi9udWxsDQogIA0KICAjIFVwZGF0ZSBwYWNrYWdlIGxpc3QNCiAgLSBhcHQtZ2V0IHVwZGF0ZQ0KICANCiAgIyBJbnN0YWxsIEplbmtpbnMNCiAgLSBhcHQtZ2V0IGluc3RhbGwgLXkgamVua2lucw0KICANCiAgIyBTdGFydCBKZW5raW5zIHNlcnZpY2UNCiAgLSBzeXN0ZW1jdGwgc3RhcnQgamVua2lucw0KICAtIHN5c3RlbWN0bCBlbmFibGUgamVua2lucw0KICANCiAgIyBXYWl0IGZvciB0aGUgZGlzayB0byBiZSBhdmFpbGFibGUNCiAgLSBzbGVlcCAzMA0KICANCiAgIyBDcmVhdGUgSmVua2lucyBob21lIGRpcmVjdG9yeSBvbiB0aGUgZGF0YSBkaXNrDQogIC0gbWtkaXIgLXAgL21udC9qZW5raW5zDQogIA0KICAjIEZvcm1hdCB0aGUgZGlzayBpZiBpdCdzIG5vdCBhbHJlYWR5IGZvcm1hdHRlZA0KICAtIHwNCiAgICBpZiAhIGJsa2lkIC9kZXYvc2RjOyB0aGVuDQogICAgICBta2ZzIC10IGV4dDQgL2Rldi9zZGMNCiAgICBmaQ0KICANCiAgIyBBZGQgZGlzayB0byBmc3RhYiBmb3IgYXV0b21hdGljIG1vdW50aW5nDQogIC0gZWNobyAiL2Rldi9zZGMgL21udC9qZW5raW5zIGV4dDQgZGVmYXVsdHMsbm9mYWlsIDAgMiIgPj4gL2V0Yy9mc3RhYg0KICANCiAgIyBNb3VudCB0aGUgZGlzaw0KICAtIG1vdW50IC1hDQogIA0KICAjIFNldCBwcm9wZXIgcGVybWlzc2lvbnMNCiAgLSBjaG93biAtUiBqZW5raW5zOmplbmtpbnMgL21udC9qZW5raW5zDQogIA0KICAjIFVwZGF0ZSBKZW5raW5zIGNvbmZpZ3VyYXRpb24gdG8gdXNlIHRoZSBuZXcgaG9tZSBkaXJlY3RvcnkNCiAgLSBzZWQgLWkgJ3N8SkVOS0lOU19IT01FPS92YXIvbGliL2plbmtpbnN8SkVOS0lOU19IT01FPS9tbnQvamVua2luc3wnIC9ldGMvZGVmYXVsdC9qZW5raW5zDQogIA0KICAjIENvcHkgZXhpc3RpbmcgSmVua2lucyBkYXRhIGlmIGl0IGV4aXN0cw0KICAtIHwNCiAgICBpZiBbIC1kICIvdmFyL2xpYi9qZW5raW5zIiBdICYmIFsgIiQobHMgLUEgL3Zhci9saWIvamVua2lucykiIF07IHRoZW4NCiAgICAgIGNwIC1yIC92YXIvbGliL2plbmtpbnMvKiAvbW50L2plbmtpbnMvDQogICAgZmkNCiAgDQogICMgUmVzdGFydCBKZW5raW5zIHRvIGFwcGx5IGNoYW5nZXMNCiAgLSBzeXN0ZW1jdGwgcmVzdGFydCBqZW5raW5zDQogIA0KICAjIEdldCBpbml0aWFsIGFkbWluIHBhc3N3b3JkDQogIC0gY2F0IC92YXIvbGliL2plbmtpbnMvc2VjcmV0cy9pbml0aWFsQWRtaW5QYXNzd29yZCA+IC9ob21lL2F6dXJldXNlci9qZW5raW5zX2luaXRpYWxfcGFzc3dvcmQudHh0DQogIC0gY2hvd24gYXp1cmV1c2VyOmF6dXJldXNlciAvaG9tZS9henVyZXVzZXIvamVua2luc19pbml0aWFsX3Bhc3N3b3JkLnR4dCA=",
            "dedicated_host_group_id": "",
            "dedicated_host_id": "",
            "disable_password_authentication": true,
            "disk_controller_type": "",
            "edge_zone": "",
            "encryption_at_host_enabled": false,
            "eviction_policy": "",
            "extensions_time_budget": "PT1H30M",
            "gallery_application": [],
            "id": "/subscriptions/327adb70-c43a-41d1-8665-4ccbfcc3cc11/resourceGroups/cicd-rg/providers/Microsoft.Compute/virtualMachines/jenkins-vm",
            "identity": [],
            "license_type": "",
            "location": "eastus",
            "max_bid_price": -1,
            "name": "jenkins-vm",
            "network_interface_ids": [
              "/subscriptions/327adb70-c43a-41d1-8665-4ccbfcc3cc11/resourceGroups/cicd-rg/providers/Microsoft.Network/networkInterfaces/jenkins-nic"
            ],
            "os_disk": [
              {
                "caching": "ReadWrite",
                "diff_disk_settings": [],
                "disk_encryption_set_id": "",
                "disk_size_gb": 30,
                "name": "jenkins-vm_OsDisk_1_889133a37d6c4dbb83d3463cd0b6f4ee",
                "secure_vm_disk_encryption_set_id": "",
                "security_encryption_type": "",
                "storage_account_type": "Standard_LRS",
                "write_accelerator_enabled": false
              }
            ],
            "os_image_notification": [],
            "patch_assessment_mode": "ImageDefault",
            "patch_mode": "ImageDefault",
            "plan": [],
            "platform_fault_domain": -1,
            "priority": "Regular",
            "private_ip_address": "10.0.1.4",
            "private_ip_addresses": [
              "10.0.1.4"
            ],
            "provision_vm_agent": true,
            "proximity_placement_group_id": "",
            "public_ip_address": "172.190.222.214",
            "public_ip_addresses": [
              "172.190.222.214"
            ],
            "reboot_setting": "",
            "resource_group_name": "cicd-rg",
            "secret": [],
            "secure_boot_enabled": false,
            "size": "Standard_B2s",
            "source_image_id": "",
            "source_image_reference": [
              {
                "offer": "ubuntu-24_04-lts",
                "publisher": "Canonical",
                "sku": "server-gen1",
                "version": "latest"
              }
            ],
            "tags": {
              "Environment": "cicd",
              "Project": "jenkins"
            },
            "termination_notification": null,
            "timeouts": null,
            "user_data": "",
            "virtual_machine_id": "285e3720-05b5-4955-a33c-27a32bea14ef",
            "virtual_machine_scale_set_id": "",
            "vm_agent_platform_updates_enabled": false,
            "vtpm_enabled": false,
            "zone": ""
          },
          "sensitive_attributes": [
            [
              {
                "type": "get_attr",
                "value": "admin_password"
              }
            ],
            [
              {
                "type": "get_attr",
                "value": "custom_data"
              }
            ]
          ],
          "identity_schema_version": 0,
          "private": "eyJlMmJmYjczMC1lY2FhLTExZTYtOGY4OC0zNDM2M2JjN2M0YzAiOnsiY3JlYXRlIjoyNzAwMDAwMDAwMDAwLCJkZWxldGUiOjI3MDAwMDAwMDAwMDAsInJlYWQiOjMwMDAwMDAwMDAwMCwidXBkYXRlIjoyNzAwMDAwMDAwMDAwfX0=",
          "dependencies": [
            "azurerm_resource_group.cicd",
            "module.compute.azurerm_network_interface.jenkins_nic",
            "module.networking.azurerm_public_ip.cicd_pip",
            "module.networking.azurerm_subnet.cicd_subnet",
            "module.networking.azurerm_virtual_network.cicd_vnet"
          ]
        }
      ]
    },
    {
      "module": "module.compute",
      "mode": "managed",
      "type": "azurerm_managed_disk",
      "name": "jenkins_disk",
      "provider": "provider[\"registry.terraform.io/hashicorp/azurerm\"]",
      "instances": [
        {
          "schema_version": 1,
          "attributes": {
            "create_option": "Empty",
            "disk_access_id": "",
            "disk_encryption_set_id": "",
            "disk_iops_read_only": 0,
            "disk_iops_read_write": 500,
            "disk_mbps_read_only": 0,
            "disk_mbps_read_write": 60,
            "disk_size_gb": 16,
            "edge_zone": "",
            "encryption_settings": [],
            "gallery_image_reference_id": "",
            "hyper_v_generation": "",
            "id": "/subscriptions/327adb70-c43a-41d1-8665-4ccbfcc3cc11/resourceGroups/cicd-rg/providers/Microsoft.Compute/disks/jenkins-disk",
            "image_reference_id": "",
            "location": "eastus",
            "logical_sector_size": null,
            "max_shares": 0,
            "name": "jenkins-disk",
            "network_access_policy": null,
            "on_demand_bursting_enabled": false,
            "optimized_frequent_attach_enabled": false,
            "os_type": "",
            "performance_plus_enabled": false,
            "public_network_access_enabled": true,
            "resource_group_name": "cicd-rg",
            "secure_vm_disk_encryption_set_id": "",
            "security_type": "",
            "source_resource_id": "",
            "source_uri": "",
            "storage_account_id": "",
            "storage_account_type": "Standard_LRS",
            "tags": {
              "Environment": "cicd",
              "Project": "jenkins"
            },
            "tier": "",
            "timeouts": null,
            "trusted_launch_enabled": false,
            "upload_size_bytes": 0,
            "zone": ""
          },
          "sensitive_attributes": [],
          "identity_schema_version": 0,
          "private": "eyJlMmJmYjczMC1lY2FhLTExZTYtOGY4OC0zNDM2M2JjN2M0YzAiOnsiY3JlYXRlIjoxODAwMDAwMDAwMDAwLCJkZWxldGUiOjE4MDAwMDAwMDAwMDAsInJlYWQiOjMwMDAwMDAwMDAwMCwidXBkYXRlIjoxODAwMDAwMDAwMDAwfSwic2NoZW1hX3ZlcnNpb24iOiIxIn0=",
          "dependencies": [
            "azurerm_resource_group.cicd"
          ]
        }
      ]
    },
    {
      "module": "module.compute",
      "mode": "managed",
      "type": "azurerm_network_interface",
      "name": "jenkins_nic",
      "provider": "provider[\"registry.terraform.io/hashicorp/azurerm\"]",
      "instances": [
        {
          "schema_version": 0,
          "attributes": {
            "accelerated_networking_enabled": false,
            "applied_dns_servers": [],
            "auxiliary_mode": "",
            "auxiliary_sku": "",
            "dns_servers": [],
            "edge_zone": "",
            "enable_accelerated_networking": false,
            "enable_ip_forwarding": false,
            "id": "/subscriptions/327adb70-c43a-41d1-8665-4ccbfcc3cc11/resourceGroups/cicd-rg/providers/Microsoft.Network/networkInterfaces/jenkins-nic",
            "internal_dns_name_label": "",
            "internal_domain_name_suffix": "",
            "ip_configuration": [
              {
                "gateway_load_balancer_frontend_ip_configuration_id": "",
                "name": "internal",
                "primary": true,
                "private_ip_address": "10.0.1.4",
                "private_ip_address_allocation": "Dynamic",
                "private_ip_address_version": "IPv4",
                "public_ip_address_id": "/subscriptions/327adb70-c43a-41d1-8665-4ccbfcc3cc11/resourceGroups/cicd-rg/providers/Microsoft.Network/publicIPAddresses/cicd-pip",
                "subnet_id": "/subscriptions/327adb70-c43a-41d1-8665-4ccbfcc3cc11/resourceGroups/cicd-rg/providers/Microsoft.Network/virtualNetworks/cicd-vnet/subnets/cicd-subnet"
              }
            ],
            "ip_forwarding_enabled": false,
            "location": "eastus",
            "mac_address": "7C-1E-52-16-24-DC",
            "name": "jenkins-nic",
            "private_ip_address": "10.0.1.4",
            "private_ip_addresses": [
              "10.0.1.4"
            ],
            "resource_group_name": "cicd-rg",
            "tags": {},
            "timeouts": null,
            "virtual_machine_id": "/subscriptions/327adb70-c43a-41d1-8665-4ccbfcc3cc11/resourceGroups/cicd-rg/providers/Microsoft.Compute/virtualMachines/jenkins-vm"
          },
          "sensitive_attributes": [],
          "identity_schema_version": 0,
          "private": "eyJlMmJmYjczMC1lY2FhLTExZTYtOGY4OC0zNDM2M2JjN2M0YzAiOnsiY3JlYXRlIjoxODAwMDAwMDAwMDAwLCJkZWxldGUiOjE4MDAwMDAwMDAwMDAsInJlYWQiOjMwMDAwMDAwMDAwMCwidXBkYXRlIjoxODAwMDAwMDAwMDAwfX0=",
          "dependencies": [
            "azurerm_resource_group.cicd",
            "module.networking.azurerm_public_ip.cicd_pip",
            "module.networking.azurerm_subnet.cicd_subnet",
            "module.networking.azurerm_virtual_network.cicd_vnet"
          ]
        }
      ]
    },
    {
      "module": "module.compute",
      "mode": "managed",
      "type": "azurerm_virtual_machine_data_disk_attachment",
      "name": "jenkins_disk_attach",
      "provider": "provider[\"registry.terraform.io/hashicorp/azurerm\"]",
      "instances": [
        {
          "schema_version": 0,
          "attributes": {
            "caching": "ReadWrite",
            "create_option": "Attach",
            "id": "/subscriptions/327adb70-c43a-41d1-8665-4ccbfcc3cc11/resourceGroups/cicd-rg/providers/Microsoft.Compute/virtualMachines/jenkins-vm/dataDisks/jenkins-disk",
            "lun": 0,
            "managed_disk_id": "/subscriptions/327adb70-c43a-41d1-8665-4ccbfcc3cc11/resourceGroups/cicd-rg/providers/Microsoft.Compute/disks/jenkins-disk",
            "timeouts": null,
            "virtual_machine_id": "/subscriptions/327adb70-c43a-41d1-8665-4ccbfcc3cc11/resourceGroups/cicd-rg/providers/Microsoft.Compute/virtualMachines/jenkins-vm",
            "write_accelerator_enabled": false
          },
          "sensitive_attributes": [],
          "identity_schema_version": 0,
          "private": "eyJlMmJmYjczMC1lY2FhLTExZTYtOGY4OC0zNDM2M2JjN2M0YzAiOnsiY3JlYXRlIjoxODAwMDAwMDAwMDAwLCJkZWxldGUiOjE4MDAwMDAwMDAwMDAsInJlYWQiOjMwMDAwMDAwMDAwMCwidXBkYXRlIjoxODAwMDAwMDAwMDAwfX0=",
          "dependencies": [
            "azurerm_resource_group.cicd",
            "module.compute.azurerm_linux_virtual_machine.jenkins_vm",
            "module.compute.azurerm_managed_disk.jenkins_disk",
            "module.compute.azurerm_network_interface.jenkins_nic",
            "module.networking.azurerm_public_ip.cicd_pip",
            "module.networking.azurerm_subnet.cicd_subnet",
            "module.networking.azurerm_virtual_network.cicd_vnet"
          ]
        }
      ]
    },
    {
      "module": "module.networking",
      "mode": "managed",
      "type": "azurerm_network_security_group",
      "name": "cicd_nsg",
      "provider": "provider[\"registry.terraform.io/hashicorp/azurerm\"]",
      "instances": [
        {
          "schema_version": 0,
          "attributes": {
            "id": "/subscriptions/327adb70-c43a-41d1-8665-4ccbfcc3cc11/resourceGroups/cicd-rg/providers/Microsoft.Network/networkSecurityGroups/cicd-nsg",
            "location": "eastus",
            "name": "cicd-nsg",
            "resource_group_name": "cicd-rg",
            "security_rule": [
              {
                "access": "Allow",
                "description": "",
                "destination_address_prefix": "*",
                "destination_address_prefixes": [],
                "destination_application_security_group_ids": [],
                "destination_port_range": "22",
                "destination_port_ranges": [],
                "direction": "Inbound",
                "name": "allow-ssh-181.50.20.145-32",
                "priority": 123,
                "protocol": "Tcp",
                "source_address_prefix": "181.50.20.145/32",
                "source_address_prefixes": [],
                "source_application_security_group_ids": [],
                "source_port_range": "*",
                "source_port_ranges": []
              },
              {
                "access": "Allow",
                "description": "",
                "destination_address_prefix": "*",
                "destination_address_prefixes": [],
                "destination_application_security_group_ids": [],
                "destination_port_range": "22",
                "destination_port_ranges": [],
                "direction": "Inbound",
                "name": "allow-ssh-191.91.80.101-32",
                "priority": 124,
                "protocol": "Tcp",
                "source_address_prefix": "191.91.80.101/32",
                "source_address_prefixes": [],
                "source_application_security_group_ids": [],
                "source_port_range": "*",
                "source_port_ranges": []
              },
              {
                "access": "Allow",
                "description": "",
                "destination_address_prefix": "*",
                "destination_address_prefixes": [],
                "destination_application_security_group_ids": [],
                "destination_port_range": "8080",
                "destination_port_ranges": [],
                "direction": "Inbound",
                "name": "allow-jenkins-181.50.20.145-32",
                "priority": 133,
                "protocol": "Tcp",
                "source_address_prefix": "181.50.20.145/32",
                "source_address_prefixes": [],
                "source_application_security_group_ids": [],
                "source_port_range": "*",
                "source_port_ranges": []
              },
              {
                "access": "Allow",
                "description": "",
                "destination_address_prefix": "*",
                "destination_address_prefixes": [],
                "destination_application_security_group_ids": [],
                "destination_port_range": "8080",
                "destination_port_ranges": [],
                "direction": "Inbound",
                "name": "allow-jenkins-191.91.80.101-32",
                "priority": 134,
                "protocol": "Tcp",
                "source_address_prefix": "191.91.80.101/32",
                "source_address_prefixes": [],
                "source_application_security_group_ids": [],
                "source_port_range": "*",
                "source_port_ranges": []
              },
              {
                "access": "Allow",
                "description": null,
                "destination_address_prefix": "*",
                "destination_address_prefixes": [],
                "destination_application_security_group_ids": [],
                "destination_port_range": "22",
                "destination_port_ranges": [],
                "direction": "Inbound",
                "name": "allow-ssh-181.71.139.122-32",
                "priority": 120,
                "protocol": "Tcp",
                "source_address_prefix": "181.71.139.122/32",
                "source_address_prefixes": [],
                "source_application_security_group_ids": [],
                "source_port_range": "*",
                "source_port_ranges": []
              },
              {
                "access": "Allow",
                "description": null,
                "destination_address_prefix": "*",
                "destination_address_prefixes": [],
                "destination_application_security_group_ids": [],
                "destination_port_range": "22",
                "destination_port_ranges": [],
                "direction": "Inbound",
                "name": "allow-ssh-3.89.142.113-32",
                "priority": 121,
                "protocol": "Tcp",
                "source_address_prefix": "3.89.142.113/32",
                "source_address_prefixes": [],
                "source_application_security_group_ids": [],
                "source_port_range": "*",
                "source_port_ranges": []
              },
              {
                "access": "Allow",
                "description": null,
                "destination_address_prefix": "*",
                "destination_address_prefixes": [],
                "destination_application_security_group_ids": [],
                "destination_port_range": "22",
                "destination_port_ranges": [],
                "direction": "Inbound",
                "name": "allow-ssh-38.156.230.172-32",
                "priority": 122,
                "protocol": "Tcp",
                "source_address_prefix": "38.156.230.172/32",
                "source_address_prefixes": [],
                "source_application_security_group_ids": [],
                "source_port_range": "*",
                "source_port_ranges": []
              },
              {
                "access": "Allow",
                "description": null,
                "destination_address_prefix": "*",
                "destination_address_prefixes": [],
                "destination_application_security_group_ids": [],
                "destination_port_range": "443",
                "destination_port_ranges": [],
                "direction": "Inbound",
                "name": "allow-https",
                "priority": 110,
                "protocol": "Tcp",
                "source_address_prefix": "*",
                "source_address_prefixes": [],
                "source_application_security_group_ids": [],
                "source_port_range": "*",
                "source_port_ranges": []
              },
              {
                "access": "Allow",
                "description": null,
                "destination_address_prefix": "*",
                "destination_address_prefixes": [],
                "destination_application_security_group_ids": [],
                "destination_port_range": "80",
                "destination_port_ranges": [],
                "direction": "Inbound",
                "name": "allow-http",
                "priority": 100,
                "protocol": "Tcp",
                "source_address_prefix": "*",
                "source_address_prefixes": [],
                "source_application_security_group_ids": [],
                "source_port_range": "*",
                "source_port_ranges": []
              },
              {
                "access": "Allow",
                "description": null,
                "destination_address_prefix": "*",
                "destination_address_prefixes": [],
                "destination_application_security_group_ids": [],
                "destination_port_range": "8080",
                "destination_port_ranges": [],
                "direction": "Inbound",
                "name": "allow-jenkins-181.71.139.122-32",
                "priority": 130,
                "protocol": "Tcp",
                "source_address_prefix": "181.71.139.122/32",
                "source_address_prefixes": [],
                "source_application_security_group_ids": [],
                "source_port_range": "*",
                "source_port_ranges": []
              },
              {
                "access": "Allow",
                "description": null,
                "destination_address_prefix": "*",
                "destination_address_prefixes": [],
                "destination_application_security_group_ids": [],
                "destination_port_range": "8080",
                "destination_port_ranges": [],
                "direction": "Inbound",
                "name": "allow-jenkins-3.89.142.113-32",
                "priority": 131,
                "protocol": "Tcp",
                "source_address_prefix": "3.89.142.113/32",
                "source_address_prefixes": [],
                "source_application_security_group_ids": [],
                "source_port_range": "*",
                "source_port_ranges": []
              },
              {
                "access": "Allow",
                "description": null,
                "destination_address_prefix": "*",
                "destination_address_prefixes": [],
                "destination_application_security_group_ids": [],
                "destination_port_range": "8080",
                "destination_port_ranges": [],
                "direction": "Inbound",
                "name": "allow-jenkins-38.156.230.172-32",
                "priority": 132,
                "protocol": "Tcp",
                "source_address_prefix": "38.156.230.172/32",
                "source_address_prefixes": [],
                "source_application_security_group_ids": [],
                "source_port_range": "*",
                "source_port_ranges": []
              }
            ],
            "tags": {
              "Environment": "cicd",
              "Project": "jenkins"
            },
            "timeouts": null
          },
          "sensitive_attributes": [],
          "identity_schema_version": 0,
          "private": "eyJlMmJmYjczMC1lY2FhLTExZTYtOGY4OC0zNDM2M2JjN2M0YzAiOnsiY3JlYXRlIjoxODAwMDAwMDAwMDAwLCJkZWxldGUiOjE4MDAwMDAwMDAwMDAsInJlYWQiOjMwMDAwMDAwMDAwMCwidXBkYXRlIjoxODAwMDAwMDAwMDAwfX0=",
          "dependencies": [
            "azurerm_resource_group.cicd"
          ]
        }
      ]
    },
    {
      "module": "module.networking",
      "mode": "managed",
      "type": "azurerm_public_ip",
      "name": "cicd_pip",
      "provider": "provider[\"registry.terraform.io/hashicorp/azurerm\"]",
      "instances": [
        {
          "schema_version": 0,
          "attributes": {
            "allocation_method": "Static",
            "ddos_protection_mode": "VirtualNetworkInherited",
            "ddos_protection_plan_id": null,
            "domain_name_label": null,
            "edge_zone": "",
            "fqdn": null,
            "id": "/subscriptions/327adb70-c43a-41d1-8665-4ccbfcc3cc11/resourceGroups/cicd-rg/providers/Microsoft.Network/publicIPAddresses/cicd-pip",
            "idle_timeout_in_minutes": 4,
            "ip_address": "172.190.222.214",
            "ip_tags": {},
            "ip_version": "IPv4",
            "location": "eastus",
            "name": "cicd-pip",
            "public_ip_prefix_id": null,
            "resource_group_name": "cicd-rg",
            "reverse_fqdn": null,
            "sku": "Standard",
            "sku_tier": "Regional",
            "tags": {
              "Environment": "cicd",
              "Project": "jenkins"
            },
            "timeouts": null,
            "zones": []
          },
          "sensitive_attributes": [],
          "identity_schema_version": 0,
          "private": "eyJlMmJmYjczMC1lY2FhLTExZTYtOGY4OC0zNDM2M2JjN2M0YzAiOnsiY3JlYXRlIjoxODAwMDAwMDAwMDAwLCJkZWxldGUiOjE4MDAwMDAwMDAwMDAsInJlYWQiOjMwMDAwMDAwMDAwMCwidXBkYXRlIjoxODAwMDAwMDAwMDAwfX0=",
          "dependencies": [
            "azurerm_resource_group.cicd"
          ]
        }
      ]
    },
    {
      "module": "module.networking",
      "mode": "managed",
      "type": "azurerm_subnet",
      "name": "cicd_subnet",
      "provider": "provider[\"registry.terraform.io/hashicorp/azurerm\"]",
      "instances": [
        {
          "schema_version": 0,
          "attributes": {
            "address_prefixes": [
              "10.0.1.0/24"
            ],
            "default_outbound_access_enabled": true,
            "delegation": [],
            "enforce_private_link_endpoint_network_policies": false,
            "enforce_private_link_service_network_policies": false,
            "id": "/subscriptions/327adb70-c43a-41d1-8665-4ccbfcc3cc11/resourceGroups/cicd-rg/providers/Microsoft.Network/virtualNetworks/cicd-vnet/subnets/cicd-subnet",
            "name": "cicd-subnet",
            "private_endpoint_network_policies": "Enabled",
            "private_endpoint_network_policies_enabled": true,
            "private_link_service_network_policies_enabled": true,
            "resource_group_name": "cicd-rg",
            "service_endpoint_policy_ids": [],
            "service_endpoints": [],
            "timeouts": null,
            "virtual_network_name": "cicd-vnet"
          },
          "sensitive_attributes": [],
          "identity_schema_version": 0,
          "private": "eyJlMmJmYjczMC1lY2FhLTExZTYtOGY4OC0zNDM2M2JjN2M0YzAiOnsiY3JlYXRlIjoxODAwMDAwMDAwMDAwLCJkZWxldGUiOjE4MDAwMDAwMDAwMDAsInJlYWQiOjMwMDAwMDAwMDAwMCwidXBkYXRlIjoxODAwMDAwMDAwMDAwfX0=",
          "dependencies": [
            "azurerm_resource_group.cicd",
            "module.networking.azurerm_virtual_network.cicd_vnet"
          ]
        }
      ]
    },
    {
      "module": "module.networking",
      "mode": "managed",
      "type": "azurerm_subnet_network_security_group_association",
      "name": "cicd_nsg_association",
      "provider": "provider[\"registry.terraform.io/hashicorp/azurerm\"]",
      "instances": [
        {
          "schema_version": 0,
          "attributes": {
            "id": "/subscriptions/327adb70-c43a-41d1-8665-4ccbfcc3cc11/resourceGroups/cicd-rg/providers/Microsoft.Network/virtualNetworks/cicd-vnet/subnets/cicd-subnet",
            "network_security_group_id": "/subscriptions/327adb70-c43a-41d1-8665-4ccbfcc3cc11/resourceGroups/cicd-rg/providers/Microsoft.Network/networkSecurityGroups/cicd-nsg",
            "subnet_id": "/subscriptions/327adb70-c43a-41d1-8665-4ccbfcc3cc11/resourceGroups/cicd-rg/providers/Microsoft.Network/virtualNetworks/cicd-vnet/subnets/cicd-subnet",
            "timeouts": null
          },
          "sensitive_attributes": [],
          "identity_schema_version": 0,
          "private": "eyJlMmJmYjczMC1lY2FhLTExZTYtOGY4OC0zNDM2M2JjN2M0YzAiOnsiY3JlYXRlIjoxODAwMDAwMDAwMDAwLCJkZWxldGUiOjE4MDAwMDAwMDAwMDAsInJlYWQiOjMwMDAwMDAwMDAwMH19",
          "dependencies": [
            "azurerm_resource_group.cicd",
            "module.networking.azurerm_network_security_group.cicd_nsg",
            "module.networking.azurerm_subnet.cicd_subnet",
            "module.networking.azurerm_virtual_network.cicd_vnet"
          ]
        }
      ]
    },
    {
      "module": "module.networking",
      "mode": "managed",
      "type": "azurerm_virtual_network",
      "name": "cicd_vnet",
      "provider": "provider[\"registry.terraform.io/hashicorp/azurerm\"]",
      "instances": [
        {
          "schema_version": 0,
          "attributes": {
            "address_space": [
              "10.0.0.0/16"
            ],
            "bgp_community": "",
            "ddos_protection_plan": [],
            "dns_servers": [],
            "edge_zone": "",
            "encryption": [],
            "flow_timeout_in_minutes": 0,
            "guid": "1bb0ecb3-1bf3-461d-8a07-075323be348e",
            "id": "/subscriptions/327adb70-c43a-41d1-8665-4ccbfcc3cc11/resourceGroups/cicd-rg/providers/Microsoft.Network/virtualNetworks/cicd-vnet",
            "location": "eastus",
            "name": "cicd-vnet",
            "resource_group_name": "cicd-rg",
            "subnet": [
              {
                "address_prefix": "10.0.1.0/24",
                "id": "/subscriptions/327adb70-c43a-41d1-8665-4ccbfcc3cc11/resourceGroups/cicd-rg/providers/Microsoft.Network/virtualNetworks/cicd-vnet/subnets/cicd-subnet",
                "name": "cicd-subnet",
                "security_group": "/subscriptions/327adb70-c43a-41d1-8665-4ccbfcc3cc11/resourceGroups/cicd-rg/providers/Microsoft.Network/networkSecurityGroups/cicd-nsg"
              }
            ],
            "tags": {
              "Environment": "cicd",
              "Project": "jenkins"
            },
            "timeouts": null
          },
          "sensitive_attributes": [],
          "identity_schema_version": 0,
          "private": "eyJlMmJmYjczMC1lY2FhLTExZTYtOGY4OC0zNDM2M2JjN2M0YzAiOnsiY3JlYXRlIjoxODAwMDAwMDAwMDAwLCJkZWxldGUiOjE4MDAwMDAwMDAwMDAsInJlYWQiOjMwMDAwMDAwMDAwMCwidXBkYXRlIjoxODAwMDAwMDAwMDAwfX0=",
          "dependencies": [
            "azurerm_resource_group.cicd"
          ]
        }
      ]
    }
  ],
  "check_results": null
}
