{
  "version": 4,
  "terraform_version": "1.12.0",
  "serial": 87,
  "lineage": "4d1747a2-4fc1-2ce5-ad36-6aea599d13c0",
  "outputs": {
    "app_server_public_ip": {
      "value": "3.80.212.225",
      "type": "string"
    }
  },
  "resources": [
    {
      "mode": "data",
      "type": "aws_ami",
      "name": "server_ami",
      "provider": "provider[\"registry.terraform.io/hashicorp/aws\"]",
      "instances": [
        {
          "schema_version": 0,
          "attributes": {
            "architecture": "x86_64",
            "arn": "arn:aws:ec2:us-east-1::image/ami-0a7620d611d3ceae4",
            "block_device_mappings": [
              {
                "device_name": "/dev/sda1",
                "ebs": {
                  "delete_on_termination": "true",
                  "encrypted": "false",
                  "iops": "0",
                  "snapshot_id": "snap-03b1b20e501e0706a",
                  "throughput": "0",
                  "volume_size": "8",
                  "volume_type": "gp3"
                },
                "no_device": "",
                "virtual_name": ""
              },
              {
                "device_name": "/dev/sdb",
                "ebs": {},
                "no_device": "",
                "virtual_name": "ephemeral0"
              },
              {
                "device_name": "/dev/sdc",
                "ebs": {},
                "no_device": "",
                "virtual_name": "ephemeral1"
              }
            ],
            "boot_mode": "uefi-preferred",
            "creation_date": "2025-05-16T10:36:42.000Z",
            "deprecation_time": "2027-05-16T10:36:42.000Z",
            "description": "Canonical, Ubuntu, 24.04, amd64 noble image",
            "ena_support": true,
            "executable_users": null,
            "filter": [
              {
                "name": "name",
                "values": [
                  "ubuntu/images/hvm-ssd-gp3/ubuntu-noble-24.04-amd64-server-*"
                ]
              }
            ],
            "hypervisor": "xen",
            "id": "ami-0a7620d611d3ceae4",
            "image_id": "ami-0a7620d611d3ceae4",
            "image_location": "amazon/ubuntu/images/hvm-ssd-gp3/ubuntu-noble-24.04-amd64-server-20250516",
            "image_owner_alias": "amazon",
            "image_type": "machine",
            "imds_support": "v2.0",
            "include_deprecated": false,
            "kernel_id": "",
            "last_launched_time": "",
            "most_recent": true,
            "name": "ubuntu/images/hvm-ssd-gp3/ubuntu-noble-24.04-amd64-server-20250516",
            "name_regex": null,
            "owner_id": "099720109477",
            "owners": [
              "099720109477"
            ],
            "platform": "",
            "platform_details": "Linux/UNIX",
            "product_codes": [],
            "public": true,
            "ramdisk_id": "",
            "root_device_name": "/dev/sda1",
            "root_device_type": "ebs",
            "root_snapshot_id": "snap-03b1b20e501e0706a",
            "sriov_net_support": "simple",
            "state": "available",
            "state_reason": {
              "code": "UNSET",
              "message": "UNSET"
            },
            "tags": {},
            "timeouts": null,
            "tpm_support": "",
            "uefi_data": null,
            "usage_operation": "RunInstances",
            "virtualization_type": "hvm"
          },
          "sensitive_attributes": [],
          "identity_schema_version": 0
        }
      ]
    },
    {
      "mode": "managed",
      "type": "aws_instance",
      "name": "demo1_app_server1",
      "provider": "provider[\"registry.terraform.io/hashicorp/aws\"]",
      "instances": [
        {
          "schema_version": 1,
          "attributes": {
            "ami": "ami-0a7620d611d3ceae4",
            "arn": "arn:aws:ec2:us-east-1:414092415776:instance/i-0fe98b963e8737cd5",
            "associate_public_ip_address": true,
            "availability_zone": "us-east-1a",
            "capacity_reservation_specification": [
              {
                "capacity_reservation_preference": "open",
                "capacity_reservation_target": []
              }
            ],
            "cpu_core_count": 1,
            "cpu_options": [
              {
                "amd_sev_snp": "",
                "core_count": 1,
                "threads_per_core": 1
              }
            ],
            "cpu_threads_per_core": 1,
            "credit_specification": [
              {
                "cpu_credits": "standard"
              }
            ],
            "disable_api_stop": false,
            "disable_api_termination": false,
            "ebs_block_device": [],
            "ebs_optimized": false,
            "enable_primary_ipv6": null,
            "enclave_options": [
              {
                "enabled": false
              }
            ],
            "ephemeral_block_device": [],
            "get_password_data": false,
            "hibernation": false,
            "host_id": "",
            "host_resource_group_arn": null,
            "iam_instance_profile": "",
            "id": "i-0fe98b963e8737cd5",
            "instance_initiated_shutdown_behavior": "stop",
            "instance_lifecycle": "",
            "instance_market_options": [],
            "instance_state": "running",
            "instance_type": "t2.micro",
            "ipv6_address_count": 0,
            "ipv6_addresses": [],
            "key_name": "demo1_ec2_key",
            "launch_template": [],
            "maintenance_options": [
              {
                "auto_recovery": "default"
              }
            ],
            "metadata_options": [
              {
                "http_endpoint": "enabled",
                "http_protocol_ipv6": "disabled",
                "http_put_response_hop_limit": 2,
                "http_tokens": "required",
                "instance_metadata_tags": "disabled"
              }
            ],
            "monitoring": false,
            "network_interface": [
              {
                "delete_on_termination": false,
                "device_index": 0,
                "network_card_index": 0,
                "network_interface_id": "eni-0242af56d56a080d6"
              }
            ],
            "outpost_arn": "",
            "password_data": "",
            "placement_group": "",
            "placement_partition_number": 0,
            "primary_network_interface_id": "eni-0242af56d56a080d6",
            "private_dns": "ip-10-0-0-100.ec2.internal",
            "private_dns_name_options": [
              {
                "enable_resource_name_dns_a_record": false,
                "enable_resource_name_dns_aaaa_record": false,
                "hostname_type": "ip-name"
              }
            ],
            "private_ip": "10.0.0.100",
            "public_dns": "ec2-3-80-212-225.compute-1.amazonaws.com",
            "public_ip": "3.80.212.225",
            "root_block_device": [
              {
                "delete_on_termination": true,
                "device_name": "/dev/sda1",
                "encrypted": false,
                "iops": 3000,
                "kms_key_id": "",
                "tags": {},
                "tags_all": {},
                "throughput": 125,
                "volume_id": "vol-0eb98c8b8b70f40ec",
                "volume_size": 8,
                "volume_type": "gp3"
              }
            ],
            "secondary_private_ips": [],
            "security_groups": [],
            "source_dest_check": true,
            "spot_instance_request_id": "",
            "subnet_id": "subnet-0930b946dedd6e0cd",
            "tags": {
              "Env": "dev",
              "Name": "demo1_app_server1"
            },
            "tags_all": {
              "Env": "dev",
              "Name": "demo1_app_server1"
            },
            "tenancy": "default",
            "timeouts": null,
            "user_data": "f0ccdd1d26f01ac1b077b9fcc14766dcd85f13d9",
            "user_data_base64": null,
            "user_data_replace_on_change": false,
            "volume_tags": null,
            "vpc_security_group_ids": [
              "sg-0d43db6a128294067"
            ]
          },
          "sensitive_attributes": [],
          "identity_schema_version": 0,
          "private": "eyJlMmJmYjczMC1lY2FhLTExZTYtOGY4OC0zNDM2M2JjN2M0YzAiOnsiY3JlYXRlIjo2MDAwMDAwMDAwMDAsImRlbGV0ZSI6MTIwMDAwMDAwMDAwMCwicmVhZCI6OTAwMDAwMDAwMDAwLCJ1cGRhdGUiOjYwMDAwMDAwMDAwMH0sInNjaGVtYV92ZXJzaW9uIjoiMSJ9",
          "dependencies": [
            "aws_key_pair.demo1_ec2_key",
            "aws_network_interface.ec2_nic1_as1",
            "aws_security_group.demo1_app_server_sg",
            "aws_subnet.demo1_public_subnet",
            "aws_vpc.demo1",
            "data.aws_ami.server_ami"
          ]
        }
      ]
    },
    {
      "mode": "managed",
      "type": "aws_internet_gateway",
      "name": "demo1_igw",
      "provider": "provider[\"registry.terraform.io/hashicorp/aws\"]",
      "instances": [
        {
          "schema_version": 0,
          "attributes": {
            "arn": "arn:aws:ec2:us-east-1:414092415776:internet-gateway/igw-03391b2a3020b16f9",
            "id": "igw-03391b2a3020b16f9",
            "owner_id": "414092415776",
            "tags": {
              "Env": "dev",
              "Name": "demo1_igw"
            },
            "tags_all": {
              "Env": "dev",
              "Name": "demo1_igw"
            },
            "timeouts": null,
            "vpc_id": "vpc-08ce9e5f4e1ac5d96"
          },
          "sensitive_attributes": [],
          "identity_schema_version": 0,
          "private": "eyJlMmJmYjczMC1lY2FhLTExZTYtOGY4OC0zNDM2M2JjN2M0YzAiOnsiY3JlYXRlIjoxMjAwMDAwMDAwMDAwLCJkZWxldGUiOjEyMDAwMDAwMDAwMDAsInVwZGF0ZSI6MTIwMDAwMDAwMDAwMH19",
          "dependencies": [
            "aws_vpc.demo1"
          ]
        }
      ]
    },
    {
      "mode": "managed",
      "type": "aws_key_pair",
      "name": "demo1_ec2_key",
      "provider": "provider[\"registry.terraform.io/hashicorp/aws\"]",
      "instances": [
        {
          "schema_version": 1,
          "attributes": {
            "arn": "arn:aws:ec2:us-east-1:414092415776:key-pair/demo1_ec2_key",
            "fingerprint": "TTq53H/8Fo5MH2ufybirwP71U1OGcs5WDA1O+J5QIhM=",
            "id": "demo1_ec2_key",
            "key_name": "demo1_ec2_key",
            "key_name_prefix": "",
            "key_pair_id": "key-0e8c9aa3e55306ede",
            "key_type": "ed25519",
            "public_key": "ssh-ed25519 AAAAC3NzaC1lZDI1NTE5AAAAIJfAR9VWSXmdhcWcUsiSujY3y/yw9jbjLmEvBzpK+FDp usuario@i7-MasterRace-PC",
            "tags": null,
            "tags_all": {}
          },
          "sensitive_attributes": [],
          "identity_schema_version": 0,
          "private": "eyJzY2hlbWFfdmVyc2lvbiI6IjEifQ=="
        }
      ]
    },
    {
      "mode": "managed",
      "type": "aws_network_interface",
      "name": "ec2_nic1_as1",
      "provider": "provider[\"registry.terraform.io/hashicorp/aws\"]",
      "instances": [
        {
          "schema_version": 0,
          "attributes": {
            "arn": "arn:aws:ec2:us-east-1:414092415776:network-interface/eni-0242af56d56a080d6",
            "attachment": [],
            "description": "",
            "enable_primary_ipv6": null,
            "id": "eni-0242af56d56a080d6",
            "interface_type": "interface",
            "ipv4_prefix_count": 0,
            "ipv4_prefixes": [],
            "ipv6_address_count": 0,
            "ipv6_address_list": [],
            "ipv6_address_list_enabled": false,
            "ipv6_addresses": [],
            "ipv6_prefix_count": 0,
            "ipv6_prefixes": [],
            "mac_address": "12:47:f3:16:77:b3",
            "outpost_arn": "",
            "owner_id": "414092415776",
            "private_dns_name": "ip-10-0-0-100.ec2.internal",
            "private_ip": "10.0.0.100",
            "private_ip_list": [
              "10.0.0.100"
            ],
            "private_ip_list_enabled": false,
            "private_ips": [
              "10.0.0.100"
            ],
            "private_ips_count": 0,
            "security_groups": [
              "sg-0d43db6a128294067"
            ],
            "source_dest_check": true,
            "subnet_id": "subnet-0930b946dedd6e0cd",
            "tags": {
              "Name": "ec2_nic1_as1"
            },
            "tags_all": {
              "Name": "ec2_nic1_as1"
            }
          },
          "sensitive_attributes": [],
          "identity_schema_version": 0,
          "private": "bnVsbA==",
          "dependencies": [
            "aws_security_group.demo1_app_server_sg",
            "aws_subnet.demo1_public_subnet",
            "aws_vpc.demo1"
          ]
        }
      ]
    },
    {
      "mode": "managed",
      "type": "aws_route",
      "name": "internet_route",
      "provider": "provider[\"registry.terraform.io/hashicorp/aws\"]",
      "instances": [
        {
          "schema_version": 0,
          "attributes": {
            "carrier_gateway_id": "",
            "core_network_arn": "",
            "destination_cidr_block": "0.0.0.0/0",
            "destination_ipv6_cidr_block": "",
            "destination_prefix_list_id": "",
            "egress_only_gateway_id": "",
            "gateway_id": "igw-03391b2a3020b16f9",
            "id": "r-rtb-0cf438449d9c07a801080289494",
            "instance_id": "",
            "instance_owner_id": "",
            "local_gateway_id": "",
            "nat_gateway_id": "",
            "network_interface_id": "",
            "origin": "CreateRoute",
            "route_table_id": "rtb-0cf438449d9c07a80",
            "state": "active",
            "timeouts": null,
            "transit_gateway_id": "",
            "vpc_endpoint_id": "",
            "vpc_peering_connection_id": ""
          },
          "sensitive_attributes": [],
          "identity_schema_version": 0,
          "private": "eyJlMmJmYjczMC1lY2FhLTExZTYtOGY4OC0zNDM2M2JjN2M0YzAiOnsiY3JlYXRlIjozMDAwMDAwMDAwMDAsImRlbGV0ZSI6MzAwMDAwMDAwMDAwLCJ1cGRhdGUiOjEyMDAwMDAwMDAwMH19",
          "dependencies": [
            "aws_internet_gateway.demo1_igw",
            "aws_route_table.demo1_public_rt",
            "aws_vpc.demo1"
          ]
        }
      ]
    },
    {
      "mode": "managed",
      "type": "aws_route_table",
      "name": "demo1_private_rt",
      "provider": "provider[\"registry.terraform.io/hashicorp/aws\"]",
      "instances": [
        {
          "index_key": "private_subnet1",
          "schema_version": 0,
          "attributes": {
            "arn": "arn:aws:ec2:us-east-1:414092415776:route-table/rtb-037e7ef0c913d119d",
            "id": "rtb-037e7ef0c913d119d",
            "owner_id": "414092415776",
            "propagating_vgws": [],
            "route": [],
            "tags": {
              "Env": "dev",
              "Name": "demo1_private_subnet1_rt"
            },
            "tags_all": {
              "Env": "dev",
              "Name": "demo1_private_subnet1_rt"
            },
            "timeouts": null,
            "vpc_id": "vpc-08ce9e5f4e1ac5d96"
          },
          "sensitive_attributes": [],
          "identity_schema_version": 0,
          "private": "eyJlMmJmYjczMC1lY2FhLTExZTYtOGY4OC0zNDM2M2JjN2M0YzAiOnsiY3JlYXRlIjozMDAwMDAwMDAwMDAsImRlbGV0ZSI6MzAwMDAwMDAwMDAwLCJ1cGRhdGUiOjEyMDAwMDAwMDAwMH19",
          "dependencies": [
            "aws_vpc.demo1"
          ]
        },
        {
          "index_key": "private_subnet2",
          "schema_version": 0,
          "attributes": {
            "arn": "arn:aws:ec2:us-east-1:414092415776:route-table/rtb-0328748e5eb164afc",
            "id": "rtb-0328748e5eb164afc",
            "owner_id": "414092415776",
            "propagating_vgws": [],
            "route": [],
            "tags": {
              "Env": "dev",
              "Name": "demo1_private_subnet2_rt"
            },
            "tags_all": {
              "Env": "dev",
              "Name": "demo1_private_subnet2_rt"
            },
            "timeouts": null,
            "vpc_id": "vpc-08ce9e5f4e1ac5d96"
          },
          "sensitive_attributes": [],
          "identity_schema_version": 0,
          "private": "eyJlMmJmYjczMC1lY2FhLTExZTYtOGY4OC0zNDM2M2JjN2M0YzAiOnsiY3JlYXRlIjozMDAwMDAwMDAwMDAsImRlbGV0ZSI6MzAwMDAwMDAwMDAwLCJ1cGRhdGUiOjEyMDAwMDAwMDAwMH19",
          "dependencies": [
            "aws_vpc.demo1"
          ]
        }
      ]
    },
    {
      "mode": "managed",
      "type": "aws_route_table",
      "name": "demo1_public_rt",
      "provider": "provider[\"registry.terraform.io/hashicorp/aws\"]",
      "instances": [
        {
          "schema_version": 0,
          "attributes": {
            "arn": "arn:aws:ec2:us-east-1:414092415776:route-table/rtb-0cf438449d9c07a80",
            "id": "rtb-0cf438449d9c07a80",
            "owner_id": "414092415776",
            "propagating_vgws": [],
            "route": [],
            "tags": {
              "Env": "dev",
              "Name": "demo1_public_subnets__rt"
            },
            "tags_all": {
              "Env": "dev",
              "Name": "demo1_public_subnets__rt"
            },
            "timeouts": null,
            "vpc_id": "vpc-08ce9e5f4e1ac5d96"
          },
          "sensitive_attributes": [],
          "identity_schema_version": 0,
          "private": "eyJlMmJmYjczMC1lY2FhLTExZTYtOGY4OC0zNDM2M2JjN2M0YzAiOnsiY3JlYXRlIjozMDAwMDAwMDAwMDAsImRlbGV0ZSI6MzAwMDAwMDAwMDAwLCJ1cGRhdGUiOjEyMDAwMDAwMDAwMH19",
          "dependencies": [
            "aws_vpc.demo1"
          ]
        }
      ]
    },
    {
      "mode": "managed",
      "type": "aws_route_table_association",
      "name": "demo1_private_rt_assoc",
      "provider": "provider[\"registry.terraform.io/hashicorp/aws\"]",
      "instances": [
        {
          "index_key": "private_subnet1",
          "schema_version": 0,
          "attributes": {
            "gateway_id": "",
            "id": "rtbassoc-09bfc6147b686de45",
            "route_table_id": "rtb-037e7ef0c913d119d",
            "subnet_id": "subnet-08d67e7014c89f5ed",
            "timeouts": null
          },
          "sensitive_attributes": [],
          "identity_schema_version": 0,
          "private": "eyJlMmJmYjczMC1lY2FhLTExZTYtOGY4OC0zNDM2M2JjN2M0YzAiOnsiY3JlYXRlIjozMDAwMDAwMDAwMDAsImRlbGV0ZSI6MzAwMDAwMDAwMDAwLCJ1cGRhdGUiOjEyMDAwMDAwMDAwMH19",
          "dependencies": [
            "aws_route_table.demo1_private_rt",
            "aws_subnet.demo1_private_subnet",
            "aws_vpc.demo1"
          ]
        },
        {
          "index_key": "private_subnet2",
          "schema_version": 0,
          "attributes": {
            "gateway_id": "",
            "id": "rtbassoc-0fbfb7807565783cc",
            "route_table_id": "rtb-0328748e5eb164afc",
            "subnet_id": "subnet-04a1760b88c7bd337",
            "timeouts": null
          },
          "sensitive_attributes": [],
          "identity_schema_version": 0,
          "private": "eyJlMmJmYjczMC1lY2FhLTExZTYtOGY4OC0zNDM2M2JjN2M0YzAiOnsiY3JlYXRlIjozMDAwMDAwMDAwMDAsImRlbGV0ZSI6MzAwMDAwMDAwMDAwLCJ1cGRhdGUiOjEyMDAwMDAwMDAwMH19",
          "dependencies": [
            "aws_route_table.demo1_private_rt",
            "aws_subnet.demo1_private_subnet",
            "aws_vpc.demo1"
          ]
        }
      ]
    },
    {
      "mode": "managed",
      "type": "aws_route_table_association",
      "name": "demo1_public_rt_assoc",
      "provider": "provider[\"registry.terraform.io/hashicorp/aws\"]",
      "instances": [
        {
          "index_key": "public_subnet1",
          "schema_version": 0,
          "attributes": {
            "gateway_id": "",
            "id": "rtbassoc-04ab3c769f6ea3e2f",
            "route_table_id": "rtb-0cf438449d9c07a80",
            "subnet_id": "subnet-0930b946dedd6e0cd",
            "timeouts": null
          },
          "sensitive_attributes": [],
          "identity_schema_version": 0,
          "private": "eyJlMmJmYjczMC1lY2FhLTExZTYtOGY4OC0zNDM2M2JjN2M0YzAiOnsiY3JlYXRlIjozMDAwMDAwMDAwMDAsImRlbGV0ZSI6MzAwMDAwMDAwMDAwLCJ1cGRhdGUiOjEyMDAwMDAwMDAwMH19",
          "dependencies": [
            "aws_route_table.demo1_public_rt",
            "aws_subnet.demo1_public_subnet",
            "aws_vpc.demo1"
          ]
        },
        {
          "index_key": "public_subnet2",
          "schema_version": 0,
          "attributes": {
            "gateway_id": "",
            "id": "rtbassoc-01ad0853389a7d815",
            "route_table_id": "rtb-0cf438449d9c07a80",
            "subnet_id": "subnet-037d3651a210c270f",
            "timeouts": null
          },
          "sensitive_attributes": [],
          "identity_schema_version": 0,
          "private": "eyJlMmJmYjczMC1lY2FhLTExZTYtOGY4OC0zNDM2M2JjN2M0YzAiOnsiY3JlYXRlIjozMDAwMDAwMDAwMDAsImRlbGV0ZSI6MzAwMDAwMDAwMDAwLCJ1cGRhdGUiOjEyMDAwMDAwMDAwMH19",
          "dependencies": [
            "aws_route_table.demo1_public_rt",
            "aws_subnet.demo1_public_subnet",
            "aws_vpc.demo1"
          ]
        }
      ]
    },
    {
      "mode": "managed",
      "type": "aws_security_group",
      "name": "demo1_app_server_sg",
      "provider": "provider[\"registry.terraform.io/hashicorp/aws\"]",
      "instances": [
        {
          "schema_version": 1,
          "attributes": {
            "arn": "arn:aws:ec2:us-east-1:414092415776:security-group/sg-0d43db6a128294067",
            "description": "Manage inbound and outbound traffic for the app servers",
            "egress": [],
            "id": "sg-0d43db6a128294067",
            "ingress": [],
            "name": "demo1_app_server_sg",
            "name_prefix": "",
            "owner_id": "414092415776",
            "revoke_rules_on_delete": false,
            "tags": {
              "Env": "dev"
            },
            "tags_all": {
              "Env": "dev"
            },
            "timeouts": null,
            "vpc_id": "vpc-08ce9e5f4e1ac5d96"
          },
          "sensitive_attributes": [],
          "identity_schema_version": 0,
          "private": "eyJlMmJmYjczMC1lY2FhLTExZTYtOGY4OC0zNDM2M2JjN2M0YzAiOnsiY3JlYXRlIjo2MDAwMDAwMDAwMDAsImRlbGV0ZSI6OTAwMDAwMDAwMDAwfSwic2NoZW1hX3ZlcnNpb24iOiIxIn0=",
          "dependencies": [
            "aws_vpc.demo1"
          ]
        }
      ]
    },
    {
      "mode": "managed",
      "type": "aws_security_group",
      "name": "demo1_cicd_server_sg",
      "provider": "provider[\"registry.terraform.io/hashicorp/aws\"]",
      "instances": [
        {
          "schema_version": 1,
          "attributes": {
            "arn": "arn:aws:ec2:us-east-1:414092415776:security-group/sg-0daf75909fc7cf425",
            "description": "Manage inbound and outbound traffic for the ci/cd servers",
            "egress": [],
            "id": "sg-0daf75909fc7cf425",
            "ingress": [],
            "name": "demo1_cicd_server_sg",
            "name_prefix": "",
            "owner_id": "414092415776",
            "revoke_rules_on_delete": false,
            "tags": {
              "Env": "dev"
            },
            "tags_all": {
              "Env": "dev"
            },
            "timeouts": null,
            "vpc_id": "vpc-08ce9e5f4e1ac5d96"
          },
          "sensitive_attributes": [],
          "identity_schema_version": 0,
          "private": "eyJlMmJmYjczMC1lY2FhLTExZTYtOGY4OC0zNDM2M2JjN2M0YzAiOnsiY3JlYXRlIjo2MDAwMDAwMDAwMDAsImRlbGV0ZSI6OTAwMDAwMDAwMDAwfSwic2NoZW1hX3ZlcnNpb24iOiIxIn0=",
          "dependencies": [
            "aws_vpc.demo1"
          ]
        }
      ]
    },
    {
      "mode": "managed",
      "type": "aws_subnet",
      "name": "demo1_private_subnet",
      "provider": "provider[\"registry.terraform.io/hashicorp/aws\"]",
      "instances": [
        {
          "index_key": "private_subnet1",
          "schema_version": 1,
          "attributes": {
            "arn": "arn:aws:ec2:us-east-1:414092415776:subnet/subnet-08d67e7014c89f5ed",
            "assign_ipv6_address_on_creation": false,
            "availability_zone": "us-east-1a",
            "availability_zone_id": "use1-az2",
            "cidr_block": "10.0.2.0/24",
            "customer_owned_ipv4_pool": "",
            "enable_dns64": false,
            "enable_lni_at_device_index": 0,
            "enable_resource_name_dns_a_record_on_launch": false,
            "enable_resource_name_dns_aaaa_record_on_launch": false,
            "id": "subnet-08d67e7014c89f5ed",
            "ipv6_cidr_block": "",
            "ipv6_cidr_block_association_id": "",
            "ipv6_native": false,
            "map_customer_owned_ip_on_launch": false,
            "map_public_ip_on_launch": true,
            "outpost_arn": "",
            "owner_id": "414092415776",
            "private_dns_hostname_type_on_launch": "ip-name",
            "tags": {
              "Env": "dev",
              "Name": "demo1_private_subnet1"
            },
            "tags_all": {
              "Env": "dev",
              "Name": "demo1_private_subnet1"
            },
            "timeouts": null,
            "vpc_id": "vpc-08ce9e5f4e1ac5d96"
          },
          "sensitive_attributes": [],
          "identity_schema_version": 0,
          "private": "eyJlMmJmYjczMC1lY2FhLTExZTYtOGY4OC0zNDM2M2JjN2M0YzAiOnsiY3JlYXRlIjo2MDAwMDAwMDAwMDAsImRlbGV0ZSI6MTIwMDAwMDAwMDAwMH0sInNjaGVtYV92ZXJzaW9uIjoiMSJ9",
          "dependencies": [
            "aws_vpc.demo1"
          ]
        },
        {
          "index_key": "private_subnet2",
          "schema_version": 1,
          "attributes": {
            "arn": "arn:aws:ec2:us-east-1:414092415776:subnet/subnet-04a1760b88c7bd337",
            "assign_ipv6_address_on_creation": false,
            "availability_zone": "us-east-1b",
            "availability_zone_id": "use1-az4",
            "cidr_block": "10.0.3.0/24",
            "customer_owned_ipv4_pool": "",
            "enable_dns64": false,
            "enable_lni_at_device_index": 0,
            "enable_resource_name_dns_a_record_on_launch": false,
            "enable_resource_name_dns_aaaa_record_on_launch": false,
            "id": "subnet-04a1760b88c7bd337",
            "ipv6_cidr_block": "",
            "ipv6_cidr_block_association_id": "",
            "ipv6_native": false,
            "map_customer_owned_ip_on_launch": false,
            "map_public_ip_on_launch": true,
            "outpost_arn": "",
            "owner_id": "414092415776",
            "private_dns_hostname_type_on_launch": "ip-name",
            "tags": {
              "Env": "dev",
              "Name": "demo1_private_subnet2"
            },
            "tags_all": {
              "Env": "dev",
              "Name": "demo1_private_subnet2"
            },
            "timeouts": null,
            "vpc_id": "vpc-08ce9e5f4e1ac5d96"
          },
          "sensitive_attributes": [],
          "identity_schema_version": 0,
          "private": "eyJlMmJmYjczMC1lY2FhLTExZTYtOGY4OC0zNDM2M2JjN2M0YzAiOnsiY3JlYXRlIjo2MDAwMDAwMDAwMDAsImRlbGV0ZSI6MTIwMDAwMDAwMDAwMH0sInNjaGVtYV92ZXJzaW9uIjoiMSJ9",
          "dependencies": [
            "aws_vpc.demo1"
          ]
        }
      ]
    },
    {
      "mode": "managed",
      "type": "aws_subnet",
      "name": "demo1_public_subnet",
      "provider": "provider[\"registry.terraform.io/hashicorp/aws\"]",
      "instances": [
        {
          "index_key": "public_subnet1",
          "schema_version": 1,
          "attributes": {
            "arn": "arn:aws:ec2:us-east-1:414092415776:subnet/subnet-0930b946dedd6e0cd",
            "assign_ipv6_address_on_creation": false,
            "availability_zone": "us-east-1a",
            "availability_zone_id": "use1-az2",
            "cidr_block": "10.0.0.0/24",
            "customer_owned_ipv4_pool": "",
            "enable_dns64": false,
            "enable_lni_at_device_index": 0,
            "enable_resource_name_dns_a_record_on_launch": false,
            "enable_resource_name_dns_aaaa_record_on_launch": false,
            "id": "subnet-0930b946dedd6e0cd",
            "ipv6_cidr_block": "",
            "ipv6_cidr_block_association_id": "",
            "ipv6_native": false,
            "map_customer_owned_ip_on_launch": false,
            "map_public_ip_on_launch": true,
            "outpost_arn": "",
            "owner_id": "414092415776",
            "private_dns_hostname_type_on_launch": "ip-name",
            "tags": {
              "Env": "dev",
              "Name": "demo1_public_subnet1"
            },
            "tags_all": {
              "Env": "dev",
              "Name": "demo1_public_subnet1"
            },
            "timeouts": null,
            "vpc_id": "vpc-08ce9e5f4e1ac5d96"
          },
          "sensitive_attributes": [],
          "identity_schema_version": 0,
          "private": "eyJlMmJmYjczMC1lY2FhLTExZTYtOGY4OC0zNDM2M2JjN2M0YzAiOnsiY3JlYXRlIjo2MDAwMDAwMDAwMDAsImRlbGV0ZSI6MTIwMDAwMDAwMDAwMH0sInNjaGVtYV92ZXJzaW9uIjoiMSJ9",
          "dependencies": [
            "aws_vpc.demo1"
          ]
        },
        {
          "index_key": "public_subnet2",
          "schema_version": 1,
          "attributes": {
            "arn": "arn:aws:ec2:us-east-1:414092415776:subnet/subnet-037d3651a210c270f",
            "assign_ipv6_address_on_creation": false,
            "availability_zone": "us-east-1b",
            "availability_zone_id": "use1-az4",
            "cidr_block": "10.0.1.0/24",
            "customer_owned_ipv4_pool": "",
            "enable_dns64": false,
            "enable_lni_at_device_index": 0,
            "enable_resource_name_dns_a_record_on_launch": false,
            "enable_resource_name_dns_aaaa_record_on_launch": false,
            "id": "subnet-037d3651a210c270f",
            "ipv6_cidr_block": "",
            "ipv6_cidr_block_association_id": "",
            "ipv6_native": false,
            "map_customer_owned_ip_on_launch": false,
            "map_public_ip_on_launch": true,
            "outpost_arn": "",
            "owner_id": "414092415776",
            "private_dns_hostname_type_on_launch": "ip-name",
            "tags": {
              "Env": "dev",
              "Name": "demo1_public_subnet2"
            },
            "tags_all": {
              "Env": "dev",
              "Name": "demo1_public_subnet2"
            },
            "timeouts": null,
            "vpc_id": "vpc-08ce9e5f4e1ac5d96"
          },
          "sensitive_attributes": [],
          "identity_schema_version": 0,
          "private": "eyJlMmJmYjczMC1lY2FhLTExZTYtOGY4OC0zNDM2M2JjN2M0YzAiOnsiY3JlYXRlIjo2MDAwMDAwMDAwMDAsImRlbGV0ZSI6MTIwMDAwMDAwMDAwMH0sInNjaGVtYV92ZXJzaW9uIjoiMSJ9",
          "dependencies": [
            "aws_vpc.demo1"
          ]
        }
      ]
    },
    {
      "mode": "managed",
      "type": "aws_vpc",
      "name": "demo1",
      "provider": "provider[\"registry.terraform.io/hashicorp/aws\"]",
      "instances": [
        {
          "schema_version": 1,
          "attributes": {
            "arn": "arn:aws:ec2:us-east-1:414092415776:vpc/vpc-08ce9e5f4e1ac5d96",
            "assign_generated_ipv6_cidr_block": false,
            "cidr_block": "10.0.0.0/16",
            "default_network_acl_id": "acl-0caf5ee8419c36c7d",
            "default_route_table_id": "rtb-0804dacbd2d3a2fae",
            "default_security_group_id": "sg-07f9d77cabdcbdb98",
            "dhcp_options_id": "dopt-0905042eb1ce7477e",
            "enable_dns_hostnames": true,
            "enable_dns_support": true,
            "enable_network_address_usage_metrics": false,
            "id": "vpc-08ce9e5f4e1ac5d96",
            "instance_tenancy": "default",
            "ipv4_ipam_pool_id": null,
            "ipv4_netmask_length": null,
            "ipv6_association_id": "",
            "ipv6_cidr_block": "",
            "ipv6_cidr_block_network_border_group": "",
            "ipv6_ipam_pool_id": "",
            "ipv6_netmask_length": 0,
            "main_route_table_id": "rtb-0804dacbd2d3a2fae",
            "owner_id": "414092415776",
            "tags": {
              "Env": "dev",
              "Name": "demo1"
            },
            "tags_all": {
              "Env": "dev",
              "Name": "demo1"
            }
          },
          "sensitive_attributes": [],
          "identity_schema_version": 0,
          "private": "eyJzY2hlbWFfdmVyc2lvbiI6IjEifQ=="
        }
      ]
    },
    {
      "mode": "managed",
      "type": "aws_vpc_security_group_egress_rule",
      "name": "allow_out_http_traffic",
      "provider": "provider[\"registry.terraform.io/hashicorp/aws\"]",
      "instances": [
        {
          "schema_version": 0,
          "attributes": {
            "arn": "arn:aws:ec2:us-east-1:414092415776:security-group-rule/sgr-08d09848d0bb36593",
            "cidr_ipv4": "0.0.0.0/0",
            "cidr_ipv6": null,
            "description": "Allow outbound HTTP to anywhere",
            "from_port": 80,
            "id": "sgr-08d09848d0bb36593",
            "ip_protocol": "tcp",
            "prefix_list_id": null,
            "referenced_security_group_id": null,
            "security_group_id": "sg-0d43db6a128294067",
            "security_group_rule_id": "sgr-08d09848d0bb36593",
            "tags": null,
            "tags_all": {},
            "to_port": 80
          },
          "sensitive_attributes": [],
          "identity_schema_version": 0,
          "dependencies": [
            "aws_security_group.demo1_app_server_sg",
            "aws_vpc.demo1"
          ]
        }
      ]
    },
    {
      "mode": "managed",
      "type": "aws_vpc_security_group_egress_rule",
      "name": "allow_out_https_traffic",
      "provider": "provider[\"registry.terraform.io/hashicorp/aws\"]",
      "instances": [
        {
          "index_key": "app_server",
          "schema_version": 0,
          "attributes": {
            "arn": "arn:aws:ec2:us-east-1:414092415776:security-group-rule/sgr-06acd26f9f73ea14a",
            "cidr_ipv4": "0.0.0.0/0",
            "cidr_ipv6": null,
            "description": "Allow outbound HTTPS to anywhere",
            "from_port": 443,
            "id": "sgr-06acd26f9f73ea14a",
            "ip_protocol": "tcp",
            "prefix_list_id": null,
            "referenced_security_group_id": null,
            "security_group_id": "sg-0d43db6a128294067",
            "security_group_rule_id": "sgr-06acd26f9f73ea14a",
            "tags": null,
            "tags_all": {},
            "to_port": 443
          },
          "sensitive_attributes": [],
          "identity_schema_version": 0,
          "dependencies": [
            "aws_security_group.demo1_app_server_sg",
            "aws_security_group.demo1_cicd_server_sg",
            "aws_vpc.demo1"
          ]
        },
        {
          "index_key": "cicd_server",
          "schema_version": 0,
          "attributes": {
            "arn": "arn:aws:ec2:us-east-1:414092415776:security-group-rule/sgr-072d1b0a92db8e17e",
            "cidr_ipv4": "0.0.0.0/0",
            "cidr_ipv6": null,
            "description": "Allow outbound HTTPS to anywhere",
            "from_port": 443,
            "id": "sgr-072d1b0a92db8e17e",
            "ip_protocol": "tcp",
            "prefix_list_id": null,
            "referenced_security_group_id": null,
            "security_group_id": "sg-0daf75909fc7cf425",
            "security_group_rule_id": "sgr-072d1b0a92db8e17e",
            "tags": null,
            "tags_all": {},
            "to_port": 443
          },
          "sensitive_attributes": [],
          "identity_schema_version": 0,
          "dependencies": [
            "aws_security_group.demo1_app_server_sg",
            "aws_security_group.demo1_cicd_server_sg",
            "aws_vpc.demo1"
          ]
        }
      ]
    },
    {
      "mode": "managed",
      "type": "aws_vpc_security_group_egress_rule",
      "name": "allow_out_ssh_traffic",
      "provider": "provider[\"registry.terraform.io/hashicorp/aws\"]",
      "instances": [
        {
          "index_key": "app_server_181.51.33.104/32",
          "schema_version": 0,
          "attributes": {
            "arn": "arn:aws:ec2:us-east-1:414092415776:security-group-rule/sgr-004b7f602ec2abcba",
            "cidr_ipv4": "181.51.33.104/32",
            "cidr_ipv6": null,
            "description": "Allow outbound SSH to admins IPs",
            "from_port": 22,
            "id": "sgr-004b7f602ec2abcba",
            "ip_protocol": "tcp",
            "prefix_list_id": null,
            "referenced_security_group_id": null,
            "security_group_id": "sg-0d43db6a128294067",
            "security_group_rule_id": "sgr-004b7f602ec2abcba",
            "tags": null,
            "tags_all": {},
            "to_port": 22
          },
          "sensitive_attributes": [],
          "identity_schema_version": 0,
          "dependencies": [
            "aws_security_group.demo1_app_server_sg",
            "aws_security_group.demo1_cicd_server_sg",
            "aws_vpc.demo1"
          ]
        },
        {
          "index_key": "cicd_server_181.51.33.104/32",
          "schema_version": 0,
          "attributes": {
            "arn": "arn:aws:ec2:us-east-1:414092415776:security-group-rule/sgr-052cc8bea5fb34f9e",
            "cidr_ipv4": "181.51.33.104/32",
            "cidr_ipv6": null,
            "description": "Allow outbound SSH to admins IPs",
            "from_port": 22,
            "id": "sgr-052cc8bea5fb34f9e",
            "ip_protocol": "tcp",
            "prefix_list_id": null,
            "referenced_security_group_id": null,
            "security_group_id": "sg-0daf75909fc7cf425",
            "security_group_rule_id": "sgr-052cc8bea5fb34f9e",
            "tags": null,
            "tags_all": {},
            "to_port": 22
          },
          "sensitive_attributes": [],
          "identity_schema_version": 0,
          "dependencies": [
            "aws_security_group.demo1_app_server_sg",
            "aws_security_group.demo1_cicd_server_sg",
            "aws_vpc.demo1"
          ]
        }
      ]
    },
    {
      "mode": "managed",
      "type": "aws_vpc_security_group_ingress_rule",
      "name": "allow_in_http_jenkins_traffic",
      "provider": "provider[\"registry.terraform.io/hashicorp/aws\"]",
      "instances": [
        {
          "index_key": "181.51.33.104/32",
          "schema_version": 0,
          "attributes": {
            "arn": "arn:aws:ec2:us-east-1:414092415776:security-group-rule/sgr-0bce718e09ba05a2f",
            "cidr_ipv4": "181.51.33.104/32",
            "cidr_ipv6": null,
            "description": "Allow inbound HTTP from admins to access the jenkins dashboard",
            "from_port": 8080,
            "id": "sgr-0bce718e09ba05a2f",
            "ip_protocol": "tcp",
            "prefix_list_id": null,
            "referenced_security_group_id": null,
            "security_group_id": "sg-0daf75909fc7cf425",
            "security_group_rule_id": "sgr-0bce718e09ba05a2f",
            "tags": null,
            "tags_all": {},
            "to_port": 8080
          },
          "sensitive_attributes": [],
          "identity_schema_version": 0,
          "dependencies": [
            "aws_security_group.demo1_cicd_server_sg",
            "aws_vpc.demo1"
          ]
        }
      ]
    },
    {
      "mode": "managed",
      "type": "aws_vpc_security_group_ingress_rule",
      "name": "allow_in_http_traffic",
      "provider": "provider[\"registry.terraform.io/hashicorp/aws\"]",
      "instances": [
        {
          "schema_version": 0,
          "attributes": {
            "arn": "arn:aws:ec2:us-east-1:414092415776:security-group-rule/sgr-068cf0d9adc8d37f6",
            "cidr_ipv4": "0.0.0.0/0",
            "cidr_ipv6": null,
            "description": "Allow inbound HTTP from anywhere",
            "from_port": 80,
            "id": "sgr-068cf0d9adc8d37f6",
            "ip_protocol": "tcp",
            "prefix_list_id": null,
            "referenced_security_group_id": null,
            "security_group_id": "sg-0d43db6a128294067",
            "security_group_rule_id": "sgr-068cf0d9adc8d37f6",
            "tags": null,
            "tags_all": {},
            "to_port": 80
          },
          "sensitive_attributes": [],
          "identity_schema_version": 0,
          "dependencies": [
            "aws_security_group.demo1_app_server_sg",
            "aws_vpc.demo1"
          ]
        }
      ]
    },
    {
      "mode": "managed",
      "type": "aws_vpc_security_group_ingress_rule",
      "name": "allow_in_ssh_traffic",
      "provider": "provider[\"registry.terraform.io/hashicorp/aws\"]",
      "instances": [
        {
          "index_key": "app_server_181.51.33.104/32",
          "schema_version": 0,
          "attributes": {
            "arn": "arn:aws:ec2:us-east-1:414092415776:security-group-rule/sgr-0e8ea6d60b4a8cba2",
            "cidr_ipv4": "181.51.33.104/32",
            "cidr_ipv6": null,
            "description": "Allow inbound SSH from admins IPs",
            "from_port": 22,
            "id": "sgr-0e8ea6d60b4a8cba2",
            "ip_protocol": "tcp",
            "prefix_list_id": null,
            "referenced_security_group_id": null,
            "security_group_id": "sg-0d43db6a128294067",
            "security_group_rule_id": "sgr-0e8ea6d60b4a8cba2",
            "tags": null,
            "tags_all": {},
            "to_port": 22
          },
          "sensitive_attributes": [],
          "identity_schema_version": 0,
          "dependencies": [
            "aws_security_group.demo1_app_server_sg",
            "aws_security_group.demo1_cicd_server_sg",
            "aws_vpc.demo1"
          ]
        },
        {
          "index_key": "cicd_server_181.51.33.104/32",
          "schema_version": 0,
          "attributes": {
            "arn": "arn:aws:ec2:us-east-1:414092415776:security-group-rule/sgr-06dc66c0327eabd3d",
            "cidr_ipv4": "181.51.33.104/32",
            "cidr_ipv6": null,
            "description": "Allow inbound SSH from admins IPs",
            "from_port": 22,
            "id": "sgr-06dc66c0327eabd3d",
            "ip_protocol": "tcp",
            "prefix_list_id": null,
            "referenced_security_group_id": null,
            "security_group_id": "sg-0daf75909fc7cf425",
            "security_group_rule_id": "sgr-06dc66c0327eabd3d",
            "tags": null,
            "tags_all": {},
            "to_port": 22
          },
          "sensitive_attributes": [],
          "identity_schema_version": 0,
          "dependencies": [
            "aws_security_group.demo1_app_server_sg",
            "aws_security_group.demo1_cicd_server_sg",
            "aws_vpc.demo1"
          ]
        }
      ]
    }
  ],
  "check_results": null
}
