{
  "version": 4,
  "terraform_version": "1.12.0",
  "serial": 338,
  "lineage": "4d1747a2-4fc1-2ce5-ad36-6aea599d13c0",
  "outputs": {
    "app_server_public_ip": {
      "value": "54.204.120.191",
      "type": "string"
    },
    "db_instance_endpoint": {
      "value": "terraform-20250523015528890900000006.ckls84y4c34i.us-east-1.rds.amazonaws.com:5432",
      "type": "string"
    }
  },
  "resources": [
    {
      "mode": "data",
      "type": "aws_ami",
      "name": "server_ami",
      "provider": "provider[\"registry.terraform.io/hashicorp/aws\"]",
      "instances": [
        {
          "schema_version": 0,
          "attributes": {
            "architecture": "x86_64",
            "arn": "arn:aws:ec2:us-east-1::image/ami-0a7620d611d3ceae4",
            "block_device_mappings": [
              {
                "device_name": "/dev/sda1",
                "ebs": {
                  "delete_on_termination": "true",
                  "encrypted": "false",
                  "iops": "0",
                  "snapshot_id": "snap-03b1b20e501e0706a",
                  "throughput": "0",
                  "volume_size": "8",
                  "volume_type": "gp3"
                },
                "no_device": "",
                "virtual_name": ""
              },
              {
                "device_name": "/dev/sdb",
                "ebs": {},
                "no_device": "",
                "virtual_name": "ephemeral0"
              },
              {
                "device_name": "/dev/sdc",
                "ebs": {},
                "no_device": "",
                "virtual_name": "ephemeral1"
              }
            ],
            "boot_mode": "uefi-preferred",
            "creation_date": "2025-05-16T10:36:42.000Z",
            "deprecation_time": "2027-05-16T10:36:42.000Z",
            "description": "Canonical, Ubuntu, 24.04, amd64 noble image",
            "ena_support": true,
            "executable_users": null,
            "filter": [
              {
                "name": "name",
                "values": [
                  "ubuntu/images/hvm-ssd-gp3/ubuntu-noble-24.04-amd64-server-*"
                ]
              }
            ],
            "hypervisor": "xen",
            "id": "ami-0a7620d611d3ceae4",
            "image_id": "ami-0a7620d611d3ceae4",
            "image_location": "amazon/ubuntu/images/hvm-ssd-gp3/ubuntu-noble-24.04-amd64-server-20250516",
            "image_owner_alias": "amazon",
            "image_type": "machine",
            "imds_support": "v2.0",
            "include_deprecated": false,
            "kernel_id": "",
            "last_launched_time": "",
            "most_recent": true,
            "name": "ubuntu/images/hvm-ssd-gp3/ubuntu-noble-24.04-amd64-server-20250516",
            "name_regex": null,
            "owner_id": "099720109477",
            "owners": [
              "099720109477"
            ],
            "platform": "",
            "platform_details": "Linux/UNIX",
            "product_codes": [],
            "public": true,
            "ramdisk_id": "",
            "root_device_name": "/dev/sda1",
            "root_device_type": "ebs",
            "root_snapshot_id": "snap-03b1b20e501e0706a",
            "sriov_net_support": "simple",
            "state": "available",
            "state_reason": {
              "code": "UNSET",
              "message": "UNSET"
            },
            "tags": {},
            "timeouts": null,
            "tpm_support": "",
            "uefi_data": null,
            "usage_operation": "RunInstances",
            "virtualization_type": "hvm"
          },
          "sensitive_attributes": [],
          "identity_schema_version": 0
        }
      ]
    },
    {
      "mode": "managed",
      "type": "aws_db_instance",
      "name": "demo1_primary_db",
      "provider": "provider[\"registry.terraform.io/hashicorp/aws\"]",
      "instances": [
        {
          "schema_version": 2,
          "attributes": {
            "address": "terraform-20250523015528890900000006.ckls84y4c34i.us-east-1.rds.amazonaws.com",
            "allocated_storage": 15,
            "allow_major_version_upgrade": null,
            "apply_immediately": false,
            "arn": "arn:aws:rds:us-east-1:414092415776:db:terraform-20250523015528890900000006",
            "auto_minor_version_upgrade": true,
            "availability_zone": "us-east-1a",
            "backup_retention_period": 1,
            "backup_target": "region",
            "backup_window": "03:50-04:20",
            "blue_green_update": [],
            "ca_cert_identifier": "rds-ca-rsa2048-g1",
            "character_set_name": "",
            "copy_tags_to_snapshot": false,
            "custom_iam_instance_profile": "",
            "customer_owned_ip_enabled": false,
            "database_insights_mode": "standard",
            "db_name": "demo1_db",
            "db_subnet_group_name": "demo1_db_subnet_group",
            "dedicated_log_volume": false,
            "delete_automated_backups": true,
            "deletion_protection": false,
            "domain": "",
            "domain_auth_secret_arn": "",
            "domain_dns_ips": [],
            "domain_fqdn": "",
            "domain_iam_role_name": "",
            "domain_ou": "",
            "enabled_cloudwatch_logs_exports": [],
            "endpoint": "terraform-20250523015528890900000006.ckls84y4c34i.us-east-1.rds.amazonaws.com:5432",
            "engine": "postgres",
            "engine_lifecycle_support": "open-source-rds-extended-support",
            "engine_version": "17.4",
            "engine_version_actual": "17.4",
            "final_snapshot_identifier": null,
            "hosted_zone_id": "Z2R2ITUGPM61AM",
            "iam_database_authentication_enabled": false,
            "id": "db-K537FJIOZWZAYQ3C2TBV6WF4EE",
            "identifier": "terraform-20250523015528890900000006",
            "identifier_prefix": "terraform-",
            "instance_class": "db.t3.micro",
            "iops": 0,
            "kms_key_id": "",
            "latest_restorable_time": "2025-05-23T02:54:23Z",
            "license_model": "postgresql-license",
            "listener_endpoint": [],
            "maintenance_window": "thu:04:21-thu:04:51",
            "manage_master_user_password": null,
            "master_user_secret": [],
            "master_user_secret_kms_key_id": null,
            "max_allocated_storage": 0,
            "monitoring_interval": 0,
            "monitoring_role_arn": "",
            "multi_az": false,
            "nchar_character_set_name": "",
            "network_type": "IPV4",
            "option_group_name": "default:postgres-17",
            "parameter_group_name": "rds-pg-postgres-17",
            "password": "devops123",
            "password_wo": null,
            "password_wo_version": null,
            "performance_insights_enabled": false,
            "performance_insights_kms_key_id": "",
            "performance_insights_retention_period": 0,
            "port": 5432,
            "publicly_accessible": false,
            "replica_mode": "",
            "replicas": [],
            "replicate_source_db": "",
            "resource_id": "db-K537FJIOZWZAYQ3C2TBV6WF4EE",
            "restore_to_point_in_time": [],
            "s3_import": [],
            "skip_final_snapshot": true,
            "snapshot_identifier": null,
            "status": "available",
            "storage_encrypted": false,
            "storage_throughput": 0,
            "storage_type": "gp2",
            "tags": {
              "Env": "dev",
              "Name": "demo1_primary_db"
            },
            "tags_all": {
              "Env": "dev",
              "Name": "demo1_primary_db"
            },
            "timeouts": null,
            "timezone": "",
            "upgrade_storage_config": null,
            "username": "devops",
            "vpc_security_group_ids": [
              "sg-02689d449857ef267"
            ]
          },
          "sensitive_attributes": [
            [
              {
                "type": "get_attr",
                "value": "password"
              }
            ],
            [
              {
                "type": "get_attr",
                "value": "password_wo"
              }
            ],
            [
              {
                "type": "get_attr",
                "value": "username"
              }
            ]
          ],
          "identity_schema_version": 0,
          "private": "eyJlMmJmYjczMC1lY2FhLTExZTYtOGY4OC0zNDM2M2JjN2M0YzAiOnsiY3JlYXRlIjozMDAwMDAwMDAwMDAwLCJkZWxldGUiOjM2MDAwMDAwMDAwMDAsInVwZGF0ZSI6NDgwMDAwMDAwMDAwMH0sInNjaGVtYV92ZXJzaW9uIjoiMiJ9",
          "dependencies": [
            "aws_db_parameter_group.demo1_db_parameter_group",
            "aws_db_subnet_group.demo1_db_subnet_group",
            "aws_security_group.demo1_db_server_sg",
            "aws_subnet.demo1_private_subnet",
            "aws_vpc.demo1"
          ]
        }
      ]
    },
    {
      "mode": "managed",
      "type": "aws_db_parameter_group",
      "name": "demo1_db_parameter_group",
      "provider": "provider[\"registry.terraform.io/hashicorp/aws\"]",
      "instances": [
        {
          "schema_version": 0,
          "attributes": {
            "arn": "arn:aws:rds:us-east-1:414092415776:pg:rds-pg-postgres-17",
            "description": "Managed by Terraform",
            "family": "postgres17",
            "id": "rds-pg-postgres-17",
            "name": "rds-pg-postgres-17",
            "name_prefix": "",
            "parameter": [
              {
                "apply_method": "immediate",
                "name": "log_connections",
                "value": "1"
              }
            ],
            "skip_destroy": false,
            "tags": {
              "Env": "dev",
              "Name": "postgres parameter group"
            },
            "tags_all": {
              "Env": "dev",
              "Name": "postgres parameter group"
            }
          },
          "sensitive_attributes": [],
          "identity_schema_version": 0,
          "private": "bnVsbA=="
        }
      ]
    },
    {
      "mode": "managed",
      "type": "aws_db_subnet_group",
      "name": "demo1_db_subnet_group",
      "provider": "provider[\"registry.terraform.io/hashicorp/aws\"]",
      "instances": [
        {
          "schema_version": 0,
          "attributes": {
            "arn": "arn:aws:rds:us-east-1:414092415776:subgrp:demo1_db_subnet_group",
            "description": "Managed by Terraform",
            "id": "demo1_db_subnet_group",
            "name": "demo1_db_subnet_group",
            "name_prefix": "",
            "subnet_ids": [
              "subnet-064b503846ad1fcee",
              "subnet-0c8d6f82a1eb0ee17"
            ],
            "supported_network_types": [
              "IPV4"
            ],
            "tags": {
              "Env": "dev",
              "Name": "postgres subnet group"
            },
            "tags_all": {
              "Env": "dev",
              "Name": "postgres subnet group"
            },
            "vpc_id": "vpc-087b703fcb38ecca6"
          },
          "sensitive_attributes": [],
          "identity_schema_version": 0,
          "private": "bnVsbA==",
          "dependencies": [
            "aws_subnet.demo1_private_subnet",
            "aws_vpc.demo1"
          ]
        }
      ]
    },
    {
      "mode": "managed",
      "type": "aws_instance",
      "name": "demo1_app_server1",
      "provider": "provider[\"registry.terraform.io/hashicorp/aws\"]",
      "instances": [
        {
          "schema_version": 1,
          "attributes": {
            "ami": "ami-0a7620d611d3ceae4",
            "arn": "arn:aws:ec2:us-east-1:414092415776:instance/i-0a161b486091c7ac2",
            "associate_public_ip_address": true,
            "availability_zone": "us-east-1a",
            "capacity_reservation_specification": [
              {
                "capacity_reservation_preference": "open",
                "capacity_reservation_target": []
              }
            ],
            "cpu_core_count": 1,
            "cpu_options": [
              {
                "amd_sev_snp": "",
                "core_count": 1,
                "threads_per_core": 1
              }
            ],
            "cpu_threads_per_core": 1,
            "credit_specification": [
              {
                "cpu_credits": "standard"
              }
            ],
            "disable_api_stop": false,
            "disable_api_termination": false,
            "ebs_block_device": [],
            "ebs_optimized": false,
            "enable_primary_ipv6": null,
            "enclave_options": [
              {
                "enabled": false
              }
            ],
            "ephemeral_block_device": [],
            "get_password_data": false,
            "hibernation": false,
            "host_id": "",
            "host_resource_group_arn": null,
            "iam_instance_profile": "",
            "id": "i-0a161b486091c7ac2",
            "instance_initiated_shutdown_behavior": "stop",
            "instance_lifecycle": "",
            "instance_market_options": [],
            "instance_state": "running",
            "instance_type": "t2.micro",
            "ipv6_address_count": 0,
            "ipv6_addresses": [],
            "key_name": "demo1_ec2_key",
            "launch_template": [],
            "maintenance_options": [
              {
                "auto_recovery": "default"
              }
            ],
            "metadata_options": [
              {
                "http_endpoint": "enabled",
                "http_protocol_ipv6": "disabled",
                "http_put_response_hop_limit": 2,
                "http_tokens": "required",
                "instance_metadata_tags": "disabled"
              }
            ],
            "monitoring": false,
            "network_interface": [
              {
                "delete_on_termination": false,
                "device_index": 0,
                "network_card_index": 0,
                "network_interface_id": "eni-0de53b2327e3e34a6"
              }
            ],
            "outpost_arn": "",
            "password_data": "",
            "placement_group": "",
            "placement_partition_number": 0,
            "primary_network_interface_id": "eni-0de53b2327e3e34a6",
            "private_dns": "ip-10-0-0-100.ec2.internal",
            "private_dns_name_options": [
              {
                "enable_resource_name_dns_a_record": false,
                "enable_resource_name_dns_aaaa_record": false,
                "hostname_type": "ip-name"
              }
            ],
            "private_ip": "10.0.0.100",
            "public_dns": "ec2-54-204-120-191.compute-1.amazonaws.com",
            "public_ip": "54.204.120.191",
            "root_block_device": [
              {
                "delete_on_termination": true,
                "device_name": "/dev/sda1",
                "encrypted": false,
                "iops": 3000,
                "kms_key_id": "",
                "tags": {},
                "tags_all": {},
                "throughput": 125,
                "volume_id": "vol-00ec4908748edfbfb",
                "volume_size": 8,
                "volume_type": "gp3"
              }
            ],
            "secondary_private_ips": [],
            "security_groups": [],
            "source_dest_check": true,
            "spot_instance_request_id": "",
            "subnet_id": "subnet-09a09f7ec3073230f",
            "tags": {
              "Env": "dev",
              "Name": "demo1_app_server1"
            },
            "tags_all": {
              "Env": "dev",
              "Name": "demo1_app_server1"
            },
            "tenancy": "default",
            "timeouts": null,
            "user_data": null,
            "user_data_base64": null,
            "user_data_replace_on_change": false,
            "volume_tags": null,
            "vpc_security_group_ids": [
              "sg-074cfacded81dbbe4"
            ]
          },
          "sensitive_attributes": [],
          "identity_schema_version": 0,
          "private": "eyJlMmJmYjczMC1lY2FhLTExZTYtOGY4OC0zNDM2M2JjN2M0YzAiOnsiY3JlYXRlIjo2MDAwMDAwMDAwMDAsImRlbGV0ZSI6MTIwMDAwMDAwMDAwMCwicmVhZCI6OTAwMDAwMDAwMDAwLCJ1cGRhdGUiOjYwMDAwMDAwMDAwMH0sInNjaGVtYV92ZXJzaW9uIjoiMSJ9",
          "dependencies": [
            "aws_key_pair.demo1_ec2_key",
            "aws_network_interface.ec2_nic1_as1",
            "aws_security_group.demo1_app_server_sg",
            "aws_subnet.demo1_public_subnet",
            "aws_vpc.demo1",
            "data.aws_ami.server_ami"
          ]
        }
      ]
    },
    {
      "mode": "managed",
      "type": "aws_internet_gateway",
      "name": "demo1_igw",
      "provider": "provider[\"registry.terraform.io/hashicorp/aws\"]",
      "instances": [
        {
          "schema_version": 0,
          "attributes": {
            "arn": "arn:aws:ec2:us-east-1:414092415776:internet-gateway/igw-0ba50cef7bd2035a3",
            "id": "igw-0ba50cef7bd2035a3",
            "owner_id": "414092415776",
            "tags": {
              "Env": "dev",
              "Name": "demo1_igw"
            },
            "tags_all": {
              "Env": "dev",
              "Name": "demo1_igw"
            },
            "timeouts": null,
            "vpc_id": "vpc-087b703fcb38ecca6"
          },
          "sensitive_attributes": [],
          "identity_schema_version": 0,
          "private": "eyJlMmJmYjczMC1lY2FhLTExZTYtOGY4OC0zNDM2M2JjN2M0YzAiOnsiY3JlYXRlIjoxMjAwMDAwMDAwMDAwLCJkZWxldGUiOjEyMDAwMDAwMDAwMDAsInVwZGF0ZSI6MTIwMDAwMDAwMDAwMH19",
          "dependencies": [
            "aws_vpc.demo1"
          ]
        }
      ]
    },
    {
      "mode": "managed",
      "type": "aws_key_pair",
      "name": "demo1_ec2_key",
      "provider": "provider[\"registry.terraform.io/hashicorp/aws\"]",
      "instances": [
        {
          "schema_version": 1,
          "attributes": {
            "arn": "arn:aws:ec2:us-east-1:414092415776:key-pair/demo1_ec2_key",
            "fingerprint": "TTq53H/8Fo5MH2ufybirwP71U1OGcs5WDA1O+J5QIhM=",
            "id": "demo1_ec2_key",
            "key_name": "demo1_ec2_key",
            "key_name_prefix": "",
            "key_pair_id": "key-0093c41b7a1f227a8",
            "key_type": "ed25519",
            "public_key": "ssh-ed25519 AAAAC3NzaC1lZDI1NTE5AAAAIJfAR9VWSXmdhcWcUsiSujY3y/yw9jbjLmEvBzpK+FDp usuario@i7-MasterRace-PC",
            "tags": {},
            "tags_all": {}
          },
          "sensitive_attributes": [],
          "identity_schema_version": 0,
          "private": "eyJzY2hlbWFfdmVyc2lvbiI6IjEifQ=="
        }
      ]
    },
    {
      "mode": "managed",
      "type": "aws_network_acl",
      "name": "demo1_private_sub_acl",
      "provider": "provider[\"registry.terraform.io/hashicorp/aws\"]",
      "instances": [
        {
          "schema_version": 0,
          "attributes": {
            "arn": "arn:aws:ec2:us-east-1:414092415776:network-acl/acl-069c78e7df85f0ca2",
            "egress": [
              {
                "action": "allow",
                "cidr_block": "10.0.0.0/23",
                "from_port": 1024,
                "icmp_code": 0,
                "icmp_type": 0,
                "ipv6_cidr_block": "",
                "protocol": "6",
                "rule_no": 100,
                "to_port": 65535
              }
            ],
            "id": "acl-069c78e7df85f0ca2",
            "ingress": [
              {
                "action": "allow",
                "cidr_block": "10.0.0.0/23",
                "from_port": 5432,
                "icmp_code": 0,
                "icmp_type": 0,
                "ipv6_cidr_block": "",
                "protocol": "6",
                "rule_no": 100,
                "to_port": 5432
              }
            ],
            "owner_id": "414092415776",
            "subnet_ids": [
              "subnet-064b503846ad1fcee",
              "subnet-0c8d6f82a1eb0ee17"
            ],
            "tags": {
              "Env": "dev",
              "Name": "demo1_private_sub_acl"
            },
            "tags_all": {
              "Env": "dev",
              "Name": "demo1_private_sub_acl"
            },
            "vpc_id": "vpc-087b703fcb38ecca6"
          },
          "sensitive_attributes": [],
          "identity_schema_version": 0,
          "private": "bnVsbA==",
          "dependencies": [
            "aws_vpc.demo1"
          ]
        }
      ]
    },
    {
      "mode": "managed",
      "type": "aws_network_acl",
      "name": "demo1_public_sub_acl",
      "provider": "provider[\"registry.terraform.io/hashicorp/aws\"]",
      "instances": [
        {
          "schema_version": 0,
          "attributes": {
            "arn": "arn:aws:ec2:us-east-1:414092415776:network-acl/acl-04e1d1bb3d007a075",
            "egress": [],
            "id": "acl-04e1d1bb3d007a075",
            "ingress": [],
            "owner_id": "414092415776",
            "subnet_ids": [],
            "tags": {
              "Env": "dev",
              "Name": "demo1_public_sub_acl"
            },
            "tags_all": {
              "Env": "dev",
              "Name": "demo1_public_sub_acl"
            },
            "vpc_id": "vpc-087b703fcb38ecca6"
          },
          "sensitive_attributes": [],
          "identity_schema_version": 0,
          "private": "bnVsbA==",
          "dependencies": [
            "aws_vpc.demo1"
          ]
        }
      ]
    },
    {
      "mode": "managed",
      "type": "aws_network_acl_association",
      "name": "demo1_private_sub_acl_assoc",
      "provider": "provider[\"registry.terraform.io/hashicorp/aws\"]",
      "instances": [
        {
          "index_key": "private_subnet1",
          "schema_version": 0,
          "attributes": {
            "id": "aclassoc-0840086166f8b4046",
            "network_acl_id": "acl-069c78e7df85f0ca2",
            "subnet_id": "subnet-0c8d6f82a1eb0ee17"
          },
          "sensitive_attributes": [],
          "identity_schema_version": 0,
          "private": "bnVsbA==",
          "dependencies": [
            "aws_network_acl.demo1_private_sub_acl",
            "aws_subnet.demo1_private_subnet",
            "aws_vpc.demo1"
          ]
        },
        {
          "index_key": "private_subnet2",
          "schema_version": 0,
          "attributes": {
            "id": "aclassoc-055e8bfda748d9e65",
            "network_acl_id": "acl-069c78e7df85f0ca2",
            "subnet_id": "subnet-064b503846ad1fcee"
          },
          "sensitive_attributes": [],
          "identity_schema_version": 0,
          "private": "bnVsbA==",
          "dependencies": [
            "aws_network_acl.demo1_private_sub_acl",
            "aws_subnet.demo1_private_subnet",
            "aws_vpc.demo1"
          ]
        }
      ]
    },
    {
      "mode": "managed",
      "type": "aws_network_acl_association",
      "name": "demo1_public_sub_acl_assoc",
      "provider": "provider[\"registry.terraform.io/hashicorp/aws\"]",
      "instances": [
        {
          "index_key": "public_subnet1",
          "schema_version": 0,
          "attributes": {
            "id": "aclassoc-0fb8a035ea18810fb",
            "network_acl_id": "acl-04e1d1bb3d007a075",
            "subnet_id": "subnet-09a09f7ec3073230f"
          },
          "sensitive_attributes": [],
          "identity_schema_version": 0,
          "private": "bnVsbA==",
          "dependencies": [
            "aws_network_acl.demo1_public_sub_acl",
            "aws_subnet.demo1_public_subnet",
            "aws_vpc.demo1"
          ]
        },
        {
          "index_key": "public_subnet2",
          "schema_version": 0,
          "attributes": {
            "id": "aclassoc-073309c53f93ef93e",
            "network_acl_id": "acl-04e1d1bb3d007a075",
            "subnet_id": "subnet-05ee8e565d66dc466"
          },
          "sensitive_attributes": [],
          "identity_schema_version": 0,
          "private": "bnVsbA==",
          "dependencies": [
            "aws_network_acl.demo1_public_sub_acl",
            "aws_subnet.demo1_public_subnet",
            "aws_vpc.demo1"
          ]
        }
      ]
    },
    {
      "mode": "managed",
      "type": "aws_network_acl_rule",
      "name": "allow_in_db_acl",
      "provider": "provider[\"registry.terraform.io/hashicorp/aws\"]",
      "instances": [
        {
          "schema_version": 0,
          "attributes": {
            "cidr_block": "10.0.0.0/23",
            "egress": false,
            "from_port": 5432,
            "icmp_code": null,
            "icmp_type": null,
            "id": "nacl-1511207905",
            "ipv6_cidr_block": "",
            "network_acl_id": "acl-069c78e7df85f0ca2",
            "protocol": "6",
            "rule_action": "allow",
            "rule_number": 100,
            "to_port": 5432
          },
          "sensitive_attributes": [],
          "identity_schema_version": 0,
          "private": "bnVsbA==",
          "dependencies": [
            "aws_network_acl.demo1_private_sub_acl",
            "aws_vpc.demo1"
          ]
        }
      ]
    },
    {
      "mode": "managed",
      "type": "aws_network_acl_rule",
      "name": "allow_in_ephemeral_ports_acl",
      "provider": "provider[\"registry.terraform.io/hashicorp/aws\"]",
      "instances": [
        {
          "schema_version": 0,
          "attributes": {
            "cidr_block": "0.0.0.0/0",
            "egress": false,
            "from_port": 1024,
            "icmp_code": null,
            "icmp_type": null,
            "id": "nacl-1261336015",
            "ipv6_cidr_block": "",
            "network_acl_id": "acl-04e1d1bb3d007a075",
            "protocol": "6",
            "rule_action": "allow",
            "rule_number": 140,
            "to_port": 65535
          },
          "sensitive_attributes": [],
          "identity_schema_version": 0,
          "private": "bnVsbA==",
          "dependencies": [
            "aws_network_acl.demo1_public_sub_acl",
            "aws_vpc.demo1"
          ]
        }
      ]
    },
    {
      "mode": "managed",
      "type": "aws_network_acl_rule",
      "name": "allow_in_http_acl",
      "provider": "provider[\"registry.terraform.io/hashicorp/aws\"]",
      "instances": [
        {
          "schema_version": 0,
          "attributes": {
            "cidr_block": "0.0.0.0/0",
            "egress": false,
            "from_port": 80,
            "icmp_code": null,
            "icmp_type": null,
            "id": "nacl-2341936985",
            "ipv6_cidr_block": "",
            "network_acl_id": "acl-04e1d1bb3d007a075",
            "protocol": "6",
            "rule_action": "allow",
            "rule_number": 100,
            "to_port": 80
          },
          "sensitive_attributes": [],
          "identity_schema_version": 0,
          "private": "bnVsbA==",
          "dependencies": [
            "aws_network_acl.demo1_public_sub_acl",
            "aws_vpc.demo1"
          ]
        }
      ]
    },
    {
      "mode": "managed",
      "type": "aws_network_acl_rule",
      "name": "allow_in_https_acl",
      "provider": "provider[\"registry.terraform.io/hashicorp/aws\"]",
      "instances": [
        {
          "schema_version": 0,
          "attributes": {
            "cidr_block": "0.0.0.0/0",
            "egress": false,
            "from_port": 443,
            "icmp_code": null,
            "icmp_type": null,
            "id": "nacl-1442957020",
            "ipv6_cidr_block": "",
            "network_acl_id": "acl-04e1d1bb3d007a075",
            "protocol": "6",
            "rule_action": "allow",
            "rule_number": 110,
            "to_port": 443
          },
          "sensitive_attributes": [],
          "identity_schema_version": 0,
          "private": "bnVsbA==",
          "dependencies": [
            "aws_network_acl.demo1_public_sub_acl",
            "aws_vpc.demo1"
          ]
        }
      ]
    },
    {
      "mode": "managed",
      "type": "aws_network_acl_rule",
      "name": "allow_in_jenkins_acl",
      "provider": "provider[\"registry.terraform.io/hashicorp/aws\"]",
      "instances": [
        {
          "index_key": "181.51.33.104/32",
          "schema_version": 0,
          "attributes": {
            "cidr_block": "181.51.33.104/32",
            "egress": false,
            "from_port": 8080,
            "icmp_code": null,
            "icmp_type": null,
            "id": "nacl-912094103",
            "ipv6_cidr_block": "",
            "network_acl_id": "acl-04e1d1bb3d007a075",
            "protocol": "6",
            "rule_action": "allow",
            "rule_number": 130,
            "to_port": 8080
          },
          "sensitive_attributes": [],
          "identity_schema_version": 0,
          "private": "bnVsbA==",
          "dependencies": [
            "aws_network_acl.demo1_public_sub_acl",
            "aws_vpc.demo1"
          ]
        }
      ]
    },
    {
      "mode": "managed",
      "type": "aws_network_acl_rule",
      "name": "allow_in_ssh_acl",
      "provider": "provider[\"registry.terraform.io/hashicorp/aws\"]",
      "instances": [
        {
          "index_key": "181.51.33.104/32",
          "schema_version": 0,
          "attributes": {
            "cidr_block": "181.51.33.104/32",
            "egress": false,
            "from_port": 22,
            "icmp_code": null,
            "icmp_type": null,
            "id": "nacl-3955993106",
            "ipv6_cidr_block": "",
            "network_acl_id": "acl-04e1d1bb3d007a075",
            "protocol": "6",
            "rule_action": "allow",
            "rule_number": 120,
            "to_port": 22
          },
          "sensitive_attributes": [],
          "identity_schema_version": 0,
          "private": "bnVsbA==",
          "dependencies": [
            "aws_network_acl.demo1_public_sub_acl",
            "aws_vpc.demo1"
          ]
        }
      ]
    },
    {
      "mode": "managed",
      "type": "aws_network_acl_rule",
      "name": "allow_inner_out_pub_sub_acl",
      "provider": "provider[\"registry.terraform.io/hashicorp/aws\"]",
      "instances": [
        {
          "schema_version": 0,
          "attributes": {
            "cidr_block": "10.0.0.0/16",
            "egress": true,
            "from_port": 0,
            "icmp_code": null,
            "icmp_type": null,
            "id": "nacl-990672087",
            "ipv6_cidr_block": "",
            "network_acl_id": "acl-04e1d1bb3d007a075",
            "protocol": "-1",
            "rule_action": "allow",
            "rule_number": 110,
            "to_port": 65535
          },
          "sensitive_attributes": [],
          "identity_schema_version": 0,
          "private": "bnVsbA==",
          "dependencies": [
            "aws_network_acl.demo1_public_sub_acl",
            "aws_vpc.demo1"
          ]
        }
      ]
    },
    {
      "mode": "managed",
      "type": "aws_network_acl_rule",
      "name": "allow_out_db_acl",
      "provider": "provider[\"registry.terraform.io/hashicorp/aws\"]",
      "instances": [
        {
          "schema_version": 0,
          "attributes": {
            "cidr_block": "10.0.0.0/23",
            "egress": true,
            "from_port": 1024,
            "icmp_code": null,
            "icmp_type": null,
            "id": "nacl-4254557407",
            "ipv6_cidr_block": "",
            "network_acl_id": "acl-069c78e7df85f0ca2",
            "protocol": "6",
            "rule_action": "allow",
            "rule_number": 100,
            "to_port": 65535
          },
          "sensitive_attributes": [],
          "identity_schema_version": 0,
          "private": "bnVsbA==",
          "dependencies": [
            "aws_network_acl.demo1_private_sub_acl",
            "aws_vpc.demo1"
          ]
        }
      ]
    },
    {
      "mode": "managed",
      "type": "aws_network_acl_rule",
      "name": "allow_out_pub_sub_acl",
      "provider": "provider[\"registry.terraform.io/hashicorp/aws\"]",
      "instances": [
        {
          "schema_version": 0,
          "attributes": {
            "cidr_block": "0.0.0.0/0",
            "egress": true,
            "from_port": 0,
            "icmp_code": null,
            "icmp_type": null,
            "id": "nacl-3269209467",
            "ipv6_cidr_block": "",
            "network_acl_id": "acl-04e1d1bb3d007a075",
            "protocol": "6",
            "rule_action": "allow",
            "rule_number": 100,
            "to_port": 65535
          },
          "sensitive_attributes": [],
          "identity_schema_version": 0,
          "private": "bnVsbA==",
          "dependencies": [
            "aws_network_acl.demo1_public_sub_acl",
            "aws_vpc.demo1"
          ]
        }
      ]
    },
    {
      "mode": "managed",
      "type": "aws_network_interface",
      "name": "ec2_nic1_as1",
      "provider": "provider[\"registry.terraform.io/hashicorp/aws\"]",
      "instances": [
        {
          "schema_version": 0,
          "attributes": {
            "arn": "arn:aws:ec2:us-east-1:414092415776:network-interface/eni-0de53b2327e3e34a6",
            "attachment": [
              {
                "attachment_id": "eni-attach-0ae50631b454198b1",
                "device_index": 0,
                "instance": "i-0a161b486091c7ac2"
              }
            ],
            "description": "",
            "enable_primary_ipv6": null,
            "id": "eni-0de53b2327e3e34a6",
            "interface_type": "interface",
            "ipv4_prefix_count": 0,
            "ipv4_prefixes": [],
            "ipv6_address_count": 0,
            "ipv6_address_list": [],
            "ipv6_address_list_enabled": false,
            "ipv6_addresses": [],
            "ipv6_prefix_count": 0,
            "ipv6_prefixes": [],
            "mac_address": "12:68:d6:29:86:61",
            "outpost_arn": "",
            "owner_id": "414092415776",
            "private_dns_name": "ip-10-0-0-100.ec2.internal",
            "private_ip": "10.0.0.100",
            "private_ip_list": [
              "10.0.0.100"
            ],
            "private_ip_list_enabled": false,
            "private_ips": [
              "10.0.0.100"
            ],
            "private_ips_count": 0,
            "security_groups": [
              "sg-074cfacded81dbbe4"
            ],
            "source_dest_check": true,
            "subnet_id": "subnet-09a09f7ec3073230f",
            "tags": {
              "Name": "ec2_nic1_as1"
            },
            "tags_all": {
              "Name": "ec2_nic1_as1"
            }
          },
          "sensitive_attributes": [],
          "identity_schema_version": 0,
          "private": "bnVsbA==",
          "dependencies": [
            "aws_security_group.demo1_app_server_sg",
            "aws_subnet.demo1_public_subnet",
            "aws_vpc.demo1"
          ]
        }
      ]
    },
    {
      "mode": "managed",
      "type": "aws_route",
      "name": "internet_route",
      "provider": "provider[\"registry.terraform.io/hashicorp/aws\"]",
      "instances": [
        {
          "schema_version": 0,
          "attributes": {
            "carrier_gateway_id": "",
            "core_network_arn": "",
            "destination_cidr_block": "0.0.0.0/0",
            "destination_ipv6_cidr_block": "",
            "destination_prefix_list_id": "",
            "egress_only_gateway_id": "",
            "gateway_id": "igw-0ba50cef7bd2035a3",
            "id": "r-rtb-04b902ac5a7f7c01c1080289494",
            "instance_id": "",
            "instance_owner_id": "",
            "local_gateway_id": "",
            "nat_gateway_id": "",
            "network_interface_id": "",
            "origin": "CreateRoute",
            "route_table_id": "rtb-04b902ac5a7f7c01c",
            "state": "active",
            "timeouts": null,
            "transit_gateway_id": "",
            "vpc_endpoint_id": "",
            "vpc_peering_connection_id": ""
          },
          "sensitive_attributes": [],
          "identity_schema_version": 0,
          "private": "eyJlMmJmYjczMC1lY2FhLTExZTYtOGY4OC0zNDM2M2JjN2M0YzAiOnsiY3JlYXRlIjozMDAwMDAwMDAwMDAsImRlbGV0ZSI6MzAwMDAwMDAwMDAwLCJ1cGRhdGUiOjEyMDAwMDAwMDAwMH19",
          "dependencies": [
            "aws_internet_gateway.demo1_igw",
            "aws_route_table.demo1_public_rt",
            "aws_vpc.demo1"
          ]
        }
      ]
    },
    {
      "mode": "managed",
      "type": "aws_route_table",
      "name": "demo1_private_rt",
      "provider": "provider[\"registry.terraform.io/hashicorp/aws\"]",
      "instances": [
        {
          "index_key": "private_subnet1",
          "schema_version": 0,
          "attributes": {
            "arn": "arn:aws:ec2:us-east-1:414092415776:route-table/rtb-0fa3d4aa33040008f",
            "id": "rtb-0fa3d4aa33040008f",
            "owner_id": "414092415776",
            "propagating_vgws": [],
            "route": [],
            "tags": {
              "Env": "dev",
              "Name": "demo1_private_subnet1_rt"
            },
            "tags_all": {
              "Env": "dev",
              "Name": "demo1_private_subnet1_rt"
            },
            "timeouts": null,
            "vpc_id": "vpc-087b703fcb38ecca6"
          },
          "sensitive_attributes": [],
          "identity_schema_version": 0,
          "private": "eyJlMmJmYjczMC1lY2FhLTExZTYtOGY4OC0zNDM2M2JjN2M0YzAiOnsiY3JlYXRlIjozMDAwMDAwMDAwMDAsImRlbGV0ZSI6MzAwMDAwMDAwMDAwLCJ1cGRhdGUiOjEyMDAwMDAwMDAwMH19",
          "dependencies": [
            "aws_vpc.demo1"
          ]
        },
        {
          "index_key": "private_subnet2",
          "schema_version": 0,
          "attributes": {
            "arn": "arn:aws:ec2:us-east-1:414092415776:route-table/rtb-09f5a3446bfcd3ce1",
            "id": "rtb-09f5a3446bfcd3ce1",
            "owner_id": "414092415776",
            "propagating_vgws": [],
            "route": [],
            "tags": {
              "Env": "dev",
              "Name": "demo1_private_subnet2_rt"
            },
            "tags_all": {
              "Env": "dev",
              "Name": "demo1_private_subnet2_rt"
            },
            "timeouts": null,
            "vpc_id": "vpc-087b703fcb38ecca6"
          },
          "sensitive_attributes": [],
          "identity_schema_version": 0,
          "private": "eyJlMmJmYjczMC1lY2FhLTExZTYtOGY4OC0zNDM2M2JjN2M0YzAiOnsiY3JlYXRlIjozMDAwMDAwMDAwMDAsImRlbGV0ZSI6MzAwMDAwMDAwMDAwLCJ1cGRhdGUiOjEyMDAwMDAwMDAwMH19",
          "dependencies": [
            "aws_vpc.demo1"
          ]
        }
      ]
    },
    {
      "mode": "managed",
      "type": "aws_route_table",
      "name": "demo1_public_rt",
      "provider": "provider[\"registry.terraform.io/hashicorp/aws\"]",
      "instances": [
        {
          "schema_version": 0,
          "attributes": {
            "arn": "arn:aws:ec2:us-east-1:414092415776:route-table/rtb-04b902ac5a7f7c01c",
            "id": "rtb-04b902ac5a7f7c01c",
            "owner_id": "414092415776",
            "propagating_vgws": [],
            "route": [
              {
                "carrier_gateway_id": "",
                "cidr_block": "0.0.0.0/0",
                "core_network_arn": "",
                "destination_prefix_list_id": "",
                "egress_only_gateway_id": "",
                "gateway_id": "igw-0ba50cef7bd2035a3",
                "ipv6_cidr_block": "",
                "local_gateway_id": "",
                "nat_gateway_id": "",
                "network_interface_id": "",
                "transit_gateway_id": "",
                "vpc_endpoint_id": "",
                "vpc_peering_connection_id": ""
              }
            ],
            "tags": {
              "Env": "dev",
              "Name": "demo1_public_subnets__rt"
            },
            "tags_all": {
              "Env": "dev",
              "Name": "demo1_public_subnets__rt"
            },
            "timeouts": null,
            "vpc_id": "vpc-087b703fcb38ecca6"
          },
          "sensitive_attributes": [],
          "identity_schema_version": 0,
          "private": "eyJlMmJmYjczMC1lY2FhLTExZTYtOGY4OC0zNDM2M2JjN2M0YzAiOnsiY3JlYXRlIjozMDAwMDAwMDAwMDAsImRlbGV0ZSI6MzAwMDAwMDAwMDAwLCJ1cGRhdGUiOjEyMDAwMDAwMDAwMH19",
          "dependencies": [
            "aws_vpc.demo1"
          ]
        }
      ]
    },
    {
      "mode": "managed",
      "type": "aws_route_table_association",
      "name": "demo1_private_rt_assoc",
      "provider": "provider[\"registry.terraform.io/hashicorp/aws\"]",
      "instances": [
        {
          "index_key": "private_subnet1",
          "schema_version": 0,
          "attributes": {
            "gateway_id": "",
            "id": "rtbassoc-0bbf580791a3e2dae",
            "route_table_id": "rtb-0fa3d4aa33040008f",
            "subnet_id": "subnet-0c8d6f82a1eb0ee17",
            "timeouts": null
          },
          "sensitive_attributes": [],
          "identity_schema_version": 0,
          "private": "eyJlMmJmYjczMC1lY2FhLTExZTYtOGY4OC0zNDM2M2JjN2M0YzAiOnsiY3JlYXRlIjozMDAwMDAwMDAwMDAsImRlbGV0ZSI6MzAwMDAwMDAwMDAwLCJ1cGRhdGUiOjEyMDAwMDAwMDAwMH19",
          "dependencies": [
            "aws_route_table.demo1_private_rt",
            "aws_subnet.demo1_private_subnet",
            "aws_vpc.demo1"
          ]
        },
        {
          "index_key": "private_subnet2",
          "schema_version": 0,
          "attributes": {
            "gateway_id": "",
            "id": "rtbassoc-0d2fd0bd528dd4a18",
            "route_table_id": "rtb-09f5a3446bfcd3ce1",
            "subnet_id": "subnet-064b503846ad1fcee",
            "timeouts": null
          },
          "sensitive_attributes": [],
          "identity_schema_version": 0,
          "private": "eyJlMmJmYjczMC1lY2FhLTExZTYtOGY4OC0zNDM2M2JjN2M0YzAiOnsiY3JlYXRlIjozMDAwMDAwMDAwMDAsImRlbGV0ZSI6MzAwMDAwMDAwMDAwLCJ1cGRhdGUiOjEyMDAwMDAwMDAwMH19",
          "dependencies": [
            "aws_route_table.demo1_private_rt",
            "aws_subnet.demo1_private_subnet",
            "aws_vpc.demo1"
          ]
        }
      ]
    },
    {
      "mode": "managed",
      "type": "aws_route_table_association",
      "name": "demo1_public_rt_assoc",
      "provider": "provider[\"registry.terraform.io/hashicorp/aws\"]",
      "instances": [
        {
          "index_key": "public_subnet1",
          "schema_version": 0,
          "attributes": {
            "gateway_id": "",
            "id": "rtbassoc-07ecd7659c8eba2fb",
            "route_table_id": "rtb-04b902ac5a7f7c01c",
            "subnet_id": "subnet-09a09f7ec3073230f",
            "timeouts": null
          },
          "sensitive_attributes": [],
          "identity_schema_version": 0,
          "private": "eyJlMmJmYjczMC1lY2FhLTExZTYtOGY4OC0zNDM2M2JjN2M0YzAiOnsiY3JlYXRlIjozMDAwMDAwMDAwMDAsImRlbGV0ZSI6MzAwMDAwMDAwMDAwLCJ1cGRhdGUiOjEyMDAwMDAwMDAwMH19",
          "dependencies": [
            "aws_route_table.demo1_public_rt",
            "aws_subnet.demo1_public_subnet",
            "aws_vpc.demo1"
          ]
        },
        {
          "index_key": "public_subnet2",
          "schema_version": 0,
          "attributes": {
            "gateway_id": "",
            "id": "rtbassoc-004badfa0f9dcebff",
            "route_table_id": "rtb-04b902ac5a7f7c01c",
            "subnet_id": "subnet-05ee8e565d66dc466",
            "timeouts": null
          },
          "sensitive_attributes": [],
          "identity_schema_version": 0,
          "private": "eyJlMmJmYjczMC1lY2FhLTExZTYtOGY4OC0zNDM2M2JjN2M0YzAiOnsiY3JlYXRlIjozMDAwMDAwMDAwMDAsImRlbGV0ZSI6MzAwMDAwMDAwMDAwLCJ1cGRhdGUiOjEyMDAwMDAwMDAwMH19",
          "dependencies": [
            "aws_route_table.demo1_public_rt",
            "aws_subnet.demo1_public_subnet",
            "aws_vpc.demo1"
          ]
        }
      ]
    },
    {
      "mode": "managed",
      "type": "aws_security_group",
      "name": "demo1_app_server_sg",
      "provider": "provider[\"registry.terraform.io/hashicorp/aws\"]",
      "instances": [
        {
          "schema_version": 1,
          "attributes": {
            "arn": "arn:aws:ec2:us-east-1:414092415776:security-group/sg-074cfacded81dbbe4",
            "description": "Manage inbound and outbound traffic for the app servers",
            "egress": [
              {
                "cidr_blocks": [
                  "0.0.0.0/0"
                ],
                "description": "Allow outbound traffic to anywhere",
                "from_port": 0,
                "ipv6_cidr_blocks": [],
                "prefix_list_ids": [],
                "protocol": "-1",
                "security_groups": [],
                "self": false,
                "to_port": 0
              }
            ],
            "id": "sg-074cfacded81dbbe4",
            "ingress": [
              {
                "cidr_blocks": [
                  "0.0.0.0/0"
                ],
                "description": "Allow inbound HTTP from anywhere",
                "from_port": 80,
                "ipv6_cidr_blocks": [],
                "prefix_list_ids": [],
                "protocol": "tcp",
                "security_groups": [],
                "self": false,
                "to_port": 80
              },
              {
                "cidr_blocks": [
                  "181.51.33.104/32"
                ],
                "description": "Allow inbound HTTPS from anywhere",
                "from_port": 443,
                "ipv6_cidr_blocks": [],
                "prefix_list_ids": [],
                "protocol": "tcp",
                "security_groups": [],
                "self": false,
                "to_port": 443
              },
              {
                "cidr_blocks": [
                  "181.51.33.104/32"
                ],
                "description": "Allow inbound SSH from admins IPs",
                "from_port": 22,
                "ipv6_cidr_blocks": [],
                "prefix_list_ids": [],
                "protocol": "tcp",
                "security_groups": [],
                "self": false,
                "to_port": 22
              }
            ],
            "name": "demo1_app_server_sg",
            "name_prefix": "",
            "owner_id": "414092415776",
            "revoke_rules_on_delete": false,
            "tags": {
              "Env": "dev"
            },
            "tags_all": {
              "Env": "dev"
            },
            "timeouts": null,
            "vpc_id": "vpc-087b703fcb38ecca6"
          },
          "sensitive_attributes": [],
          "identity_schema_version": 0,
          "private": "eyJlMmJmYjczMC1lY2FhLTExZTYtOGY4OC0zNDM2M2JjN2M0YzAiOnsiY3JlYXRlIjo2MDAwMDAwMDAwMDAsImRlbGV0ZSI6OTAwMDAwMDAwMDAwfSwic2NoZW1hX3ZlcnNpb24iOiIxIn0=",
          "dependencies": [
            "aws_vpc.demo1"
          ]
        }
      ]
    },
    {
      "mode": "managed",
      "type": "aws_security_group",
      "name": "demo1_cicd_server_sg",
      "provider": "provider[\"registry.terraform.io/hashicorp/aws\"]",
      "instances": [
        {
          "schema_version": 1,
          "attributes": {
            "arn": "arn:aws:ec2:us-east-1:414092415776:security-group/sg-0d312999c3889cac9",
            "description": "Manage inbound and outbound traffic for the ci/cd servers",
            "egress": [
              {
                "cidr_blocks": [
                  "0.0.0.0/0"
                ],
                "description": "Allow outbound traffic to anywhere",
                "from_port": 0,
                "ipv6_cidr_blocks": [],
                "prefix_list_ids": [],
                "protocol": "-1",
                "security_groups": [],
                "self": false,
                "to_port": 0
              }
            ],
            "id": "sg-0d312999c3889cac9",
            "ingress": [
              {
                "cidr_blocks": [
                  "181.51.33.104/32"
                ],
                "description": "Allow inbound HTTP from admins to access the jenkins dashboard",
                "from_port": 8080,
                "ipv6_cidr_blocks": [],
                "prefix_list_ids": [],
                "protocol": "tcp",
                "security_groups": [],
                "self": false,
                "to_port": 8080
              },
              {
                "cidr_blocks": [
                  "181.51.33.104/32"
                ],
                "description": "Allow inbound HTTPS from anywhere",
                "from_port": 443,
                "ipv6_cidr_blocks": [],
                "prefix_list_ids": [],
                "protocol": "tcp",
                "security_groups": [],
                "self": false,
                "to_port": 443
              },
              {
                "cidr_blocks": [
                  "181.51.33.104/32"
                ],
                "description": "Allow inbound SSH from admins IPs",
                "from_port": 22,
                "ipv6_cidr_blocks": [],
                "prefix_list_ids": [],
                "protocol": "tcp",
                "security_groups": [],
                "self": false,
                "to_port": 22
              }
            ],
            "name": "demo1_cicd_server_sg",
            "name_prefix": "",
            "owner_id": "414092415776",
            "revoke_rules_on_delete": false,
            "tags": {
              "Env": "dev"
            },
            "tags_all": {
              "Env": "dev"
            },
            "timeouts": null,
            "vpc_id": "vpc-087b703fcb38ecca6"
          },
          "sensitive_attributes": [],
          "identity_schema_version": 0,
          "private": "eyJlMmJmYjczMC1lY2FhLTExZTYtOGY4OC0zNDM2M2JjN2M0YzAiOnsiY3JlYXRlIjo2MDAwMDAwMDAwMDAsImRlbGV0ZSI6OTAwMDAwMDAwMDAwfSwic2NoZW1hX3ZlcnNpb24iOiIxIn0=",
          "dependencies": [
            "aws_vpc.demo1"
          ]
        }
      ]
    },
    {
      "mode": "managed",
      "type": "aws_security_group",
      "name": "demo1_db_server_sg",
      "provider": "provider[\"registry.terraform.io/hashicorp/aws\"]",
      "instances": [
        {
          "schema_version": 1,
          "attributes": {
            "arn": "arn:aws:ec2:us-east-1:414092415776:security-group/sg-02689d449857ef267",
            "description": "Manage inbound and outbound traffic for the db servers",
            "egress": [
              {
                "cidr_blocks": [],
                "description": "Allow outbound db traffic to app servers",
                "from_port": 1024,
                "ipv6_cidr_blocks": [],
                "prefix_list_ids": [],
                "protocol": "tcp",
                "security_groups": [
                  "sg-074cfacded81dbbe4"
                ],
                "self": false,
                "to_port": 65535
              }
            ],
            "id": "sg-02689d449857ef267",
            "ingress": [
              {
                "cidr_blocks": [],
                "description": "Allow inbound db traffic from app servers",
                "from_port": 5432,
                "ipv6_cidr_blocks": [],
                "prefix_list_ids": [],
                "protocol": "tcp",
                "security_groups": [
                  "sg-074cfacded81dbbe4"
                ],
                "self": false,
                "to_port": 5432
              }
            ],
            "name": "demo1_db_server_sg",
            "name_prefix": "",
            "owner_id": "414092415776",
            "revoke_rules_on_delete": false,
            "tags": {
              "Env": "dev"
            },
            "tags_all": {
              "Env": "dev"
            },
            "timeouts": null,
            "vpc_id": "vpc-087b703fcb38ecca6"
          },
          "sensitive_attributes": [],
          "identity_schema_version": 0,
          "private": "eyJlMmJmYjczMC1lY2FhLTExZTYtOGY4OC0zNDM2M2JjN2M0YzAiOnsiY3JlYXRlIjo2MDAwMDAwMDAwMDAsImRlbGV0ZSI6OTAwMDAwMDAwMDAwfSwic2NoZW1hX3ZlcnNpb24iOiIxIn0=",
          "dependencies": [
            "aws_vpc.demo1"
          ]
        }
      ]
    },
    {
      "mode": "managed",
      "type": "aws_subnet",
      "name": "demo1_private_subnet",
      "provider": "provider[\"registry.terraform.io/hashicorp/aws\"]",
      "instances": [
        {
          "index_key": "private_subnet1",
          "schema_version": 1,
          "attributes": {
            "arn": "arn:aws:ec2:us-east-1:414092415776:subnet/subnet-0c8d6f82a1eb0ee17",
            "assign_ipv6_address_on_creation": false,
            "availability_zone": "us-east-1a",
            "availability_zone_id": "use1-az2",
            "cidr_block": "10.0.2.0/24",
            "customer_owned_ipv4_pool": "",
            "enable_dns64": false,
            "enable_lni_at_device_index": 0,
            "enable_resource_name_dns_a_record_on_launch": false,
            "enable_resource_name_dns_aaaa_record_on_launch": false,
            "id": "subnet-0c8d6f82a1eb0ee17",
            "ipv6_cidr_block": "",
            "ipv6_cidr_block_association_id": "",
            "ipv6_native": false,
            "map_customer_owned_ip_on_launch": false,
            "map_public_ip_on_launch": true,
            "outpost_arn": "",
            "owner_id": "414092415776",
            "private_dns_hostname_type_on_launch": "ip-name",
            "tags": {
              "Env": "dev",
              "Name": "demo1_private_subnet1"
            },
            "tags_all": {
              "Env": "dev",
              "Name": "demo1_private_subnet1"
            },
            "timeouts": null,
            "vpc_id": "vpc-087b703fcb38ecca6"
          },
          "sensitive_attributes": [],
          "identity_schema_version": 0,
          "private": "eyJlMmJmYjczMC1lY2FhLTExZTYtOGY4OC0zNDM2M2JjN2M0YzAiOnsiY3JlYXRlIjo2MDAwMDAwMDAwMDAsImRlbGV0ZSI6MTIwMDAwMDAwMDAwMH0sInNjaGVtYV92ZXJzaW9uIjoiMSJ9",
          "dependencies": [
            "aws_vpc.demo1"
          ]
        },
        {
          "index_key": "private_subnet2",
          "schema_version": 1,
          "attributes": {
            "arn": "arn:aws:ec2:us-east-1:414092415776:subnet/subnet-064b503846ad1fcee",
            "assign_ipv6_address_on_creation": false,
            "availability_zone": "us-east-1b",
            "availability_zone_id": "use1-az4",
            "cidr_block": "10.0.3.0/24",
            "customer_owned_ipv4_pool": "",
            "enable_dns64": false,
            "enable_lni_at_device_index": 0,
            "enable_resource_name_dns_a_record_on_launch": false,
            "enable_resource_name_dns_aaaa_record_on_launch": false,
            "id": "subnet-064b503846ad1fcee",
            "ipv6_cidr_block": "",
            "ipv6_cidr_block_association_id": "",
            "ipv6_native": false,
            "map_customer_owned_ip_on_launch": false,
            "map_public_ip_on_launch": true,
            "outpost_arn": "",
            "owner_id": "414092415776",
            "private_dns_hostname_type_on_launch": "ip-name",
            "tags": {
              "Env": "dev",
              "Name": "demo1_private_subnet2"
            },
            "tags_all": {
              "Env": "dev",
              "Name": "demo1_private_subnet2"
            },
            "timeouts": null,
            "vpc_id": "vpc-087b703fcb38ecca6"
          },
          "sensitive_attributes": [],
          "identity_schema_version": 0,
          "private": "eyJlMmJmYjczMC1lY2FhLTExZTYtOGY4OC0zNDM2M2JjN2M0YzAiOnsiY3JlYXRlIjo2MDAwMDAwMDAwMDAsImRlbGV0ZSI6MTIwMDAwMDAwMDAwMH0sInNjaGVtYV92ZXJzaW9uIjoiMSJ9",
          "dependencies": [
            "aws_vpc.demo1"
          ]
        }
      ]
    },
    {
      "mode": "managed",
      "type": "aws_subnet",
      "name": "demo1_public_subnet",
      "provider": "provider[\"registry.terraform.io/hashicorp/aws\"]",
      "instances": [
        {
          "index_key": "public_subnet1",
          "schema_version": 1,
          "attributes": {
            "arn": "arn:aws:ec2:us-east-1:414092415776:subnet/subnet-09a09f7ec3073230f",
            "assign_ipv6_address_on_creation": false,
            "availability_zone": "us-east-1a",
            "availability_zone_id": "use1-az2",
            "cidr_block": "10.0.0.0/24",
            "customer_owned_ipv4_pool": "",
            "enable_dns64": false,
            "enable_lni_at_device_index": 0,
            "enable_resource_name_dns_a_record_on_launch": false,
            "enable_resource_name_dns_aaaa_record_on_launch": false,
            "id": "subnet-09a09f7ec3073230f",
            "ipv6_cidr_block": "",
            "ipv6_cidr_block_association_id": "",
            "ipv6_native": false,
            "map_customer_owned_ip_on_launch": false,
            "map_public_ip_on_launch": true,
            "outpost_arn": "",
            "owner_id": "414092415776",
            "private_dns_hostname_type_on_launch": "ip-name",
            "tags": {
              "Env": "dev",
              "Name": "demo1_public_subnet1"
            },
            "tags_all": {
              "Env": "dev",
              "Name": "demo1_public_subnet1"
            },
            "timeouts": null,
            "vpc_id": "vpc-087b703fcb38ecca6"
          },
          "sensitive_attributes": [],
          "identity_schema_version": 0,
          "private": "eyJlMmJmYjczMC1lY2FhLTExZTYtOGY4OC0zNDM2M2JjN2M0YzAiOnsiY3JlYXRlIjo2MDAwMDAwMDAwMDAsImRlbGV0ZSI6MTIwMDAwMDAwMDAwMH0sInNjaGVtYV92ZXJzaW9uIjoiMSJ9",
          "dependencies": [
            "aws_vpc.demo1"
          ]
        },
        {
          "index_key": "public_subnet2",
          "schema_version": 1,
          "attributes": {
            "arn": "arn:aws:ec2:us-east-1:414092415776:subnet/subnet-05ee8e565d66dc466",
            "assign_ipv6_address_on_creation": false,
            "availability_zone": "us-east-1b",
            "availability_zone_id": "use1-az4",
            "cidr_block": "10.0.1.0/24",
            "customer_owned_ipv4_pool": "",
            "enable_dns64": false,
            "enable_lni_at_device_index": 0,
            "enable_resource_name_dns_a_record_on_launch": false,
            "enable_resource_name_dns_aaaa_record_on_launch": false,
            "id": "subnet-05ee8e565d66dc466",
            "ipv6_cidr_block": "",
            "ipv6_cidr_block_association_id": "",
            "ipv6_native": false,
            "map_customer_owned_ip_on_launch": false,
            "map_public_ip_on_launch": true,
            "outpost_arn": "",
            "owner_id": "414092415776",
            "private_dns_hostname_type_on_launch": "ip-name",
            "tags": {
              "Env": "dev",
              "Name": "demo1_public_subnet2"
            },
            "tags_all": {
              "Env": "dev",
              "Name": "demo1_public_subnet2"
            },
            "timeouts": null,
            "vpc_id": "vpc-087b703fcb38ecca6"
          },
          "sensitive_attributes": [],
          "identity_schema_version": 0,
          "private": "eyJlMmJmYjczMC1lY2FhLTExZTYtOGY4OC0zNDM2M2JjN2M0YzAiOnsiY3JlYXRlIjo2MDAwMDAwMDAwMDAsImRlbGV0ZSI6MTIwMDAwMDAwMDAwMH0sInNjaGVtYV92ZXJzaW9uIjoiMSJ9",
          "dependencies": [
            "aws_vpc.demo1"
          ]
        }
      ]
    },
    {
      "mode": "managed",
      "type": "aws_vpc",
      "name": "demo1",
      "provider": "provider[\"registry.terraform.io/hashicorp/aws\"]",
      "instances": [
        {
          "schema_version": 1,
          "attributes": {
            "arn": "arn:aws:ec2:us-east-1:414092415776:vpc/vpc-087b703fcb38ecca6",
            "assign_generated_ipv6_cidr_block": false,
            "cidr_block": "10.0.0.0/16",
            "default_network_acl_id": "acl-09846500730263e4c",
            "default_route_table_id": "rtb-07136b204b576c8c7",
            "default_security_group_id": "sg-0cc29b48852ac1c3e",
            "dhcp_options_id": "dopt-0905042eb1ce7477e",
            "enable_dns_hostnames": true,
            "enable_dns_support": true,
            "enable_network_address_usage_metrics": false,
            "id": "vpc-087b703fcb38ecca6",
            "instance_tenancy": "default",
            "ipv4_ipam_pool_id": null,
            "ipv4_netmask_length": null,
            "ipv6_association_id": "",
            "ipv6_cidr_block": "",
            "ipv6_cidr_block_network_border_group": "",
            "ipv6_ipam_pool_id": "",
            "ipv6_netmask_length": 0,
            "main_route_table_id": "rtb-07136b204b576c8c7",
            "owner_id": "414092415776",
            "tags": {
              "Env": "dev",
              "Name": "demo1"
            },
            "tags_all": {
              "Env": "dev",
              "Name": "demo1"
            }
          },
          "sensitive_attributes": [],
          "identity_schema_version": 0,
          "private": "eyJzY2hlbWFfdmVyc2lvbiI6IjEifQ=="
        }
      ]
    },
    {
      "mode": "managed",
      "type": "aws_vpc_security_group_egress_rule",
      "name": "allow_out_app_server_traffic",
      "provider": "provider[\"registry.terraform.io/hashicorp/aws\"]",
      "instances": [
        {
          "schema_version": 0,
          "attributes": {
            "arn": "arn:aws:ec2:us-east-1:414092415776:security-group-rule/sgr-0c2709f00d1a88dc7",
            "cidr_ipv4": "0.0.0.0/0",
            "cidr_ipv6": null,
            "description": "Allow outbound traffic to anywhere",
            "from_port": -1,
            "id": "sgr-0c2709f00d1a88dc7",
            "ip_protocol": "-1",
            "prefix_list_id": null,
            "referenced_security_group_id": null,
            "security_group_id": "sg-074cfacded81dbbe4",
            "security_group_rule_id": "sgr-0c2709f00d1a88dc7",
            "tags": null,
            "tags_all": {},
            "to_port": -1
          },
          "sensitive_attributes": [],
          "identity_schema_version": 0,
          "dependencies": [
            "aws_security_group.demo1_app_server_sg",
            "aws_vpc.demo1"
          ]
        }
      ]
    },
    {
      "mode": "managed",
      "type": "aws_vpc_security_group_egress_rule",
      "name": "allow_out_cicd_server_traffic",
      "provider": "provider[\"registry.terraform.io/hashicorp/aws\"]",
      "instances": [
        {
          "schema_version": 0,
          "attributes": {
            "arn": "arn:aws:ec2:us-east-1:414092415776:security-group-rule/sgr-0b57af01c9adc4c2b",
            "cidr_ipv4": "0.0.0.0/0",
            "cidr_ipv6": null,
            "description": "Allow outbound traffic to anywhere",
            "from_port": -1,
            "id": "sgr-0b57af01c9adc4c2b",
            "ip_protocol": "-1",
            "prefix_list_id": null,
            "referenced_security_group_id": null,
            "security_group_id": "sg-0d312999c3889cac9",
            "security_group_rule_id": "sgr-0b57af01c9adc4c2b",
            "tags": null,
            "tags_all": {},
            "to_port": -1
          },
          "sensitive_attributes": [],
          "identity_schema_version": 0,
          "dependencies": [
            "aws_security_group.demo1_cicd_server_sg",
            "aws_vpc.demo1"
          ]
        }
      ]
    },
    {
      "mode": "managed",
      "type": "aws_vpc_security_group_egress_rule",
      "name": "allow_out_db_traffic",
      "provider": "provider[\"registry.terraform.io/hashicorp/aws\"]",
      "instances": [
        {
          "schema_version": 0,
          "attributes": {
            "arn": "arn:aws:ec2:us-east-1:414092415776:security-group-rule/sgr-0f44e93f95ff37922",
            "cidr_ipv4": null,
            "cidr_ipv6": null,
            "description": "Allow outbound db traffic to app servers",
            "from_port": 1024,
            "id": "sgr-0f44e93f95ff37922",
            "ip_protocol": "tcp",
            "prefix_list_id": null,
            "referenced_security_group_id": "sg-074cfacded81dbbe4",
            "security_group_id": "sg-02689d449857ef267",
            "security_group_rule_id": "sgr-0f44e93f95ff37922",
            "tags": null,
            "tags_all": {},
            "to_port": 65535
          },
          "sensitive_attributes": [],
          "identity_schema_version": 0,
          "dependencies": [
            "aws_security_group.demo1_app_server_sg",
            "aws_security_group.demo1_db_server_sg",
            "aws_vpc.demo1"
          ]
        }
      ]
    },
    {
      "mode": "managed",
      "type": "aws_vpc_security_group_ingress_rule",
      "name": "allow_in_db_traffic",
      "provider": "provider[\"registry.terraform.io/hashicorp/aws\"]",
      "instances": [
        {
          "schema_version": 0,
          "attributes": {
            "arn": "arn:aws:ec2:us-east-1:414092415776:security-group-rule/sgr-0a683d3f411267b62",
            "cidr_ipv4": null,
            "cidr_ipv6": null,
            "description": "Allow inbound db traffic from app servers",
            "from_port": 5432,
            "id": "sgr-0a683d3f411267b62",
            "ip_protocol": "tcp",
            "prefix_list_id": null,
            "referenced_security_group_id": "sg-074cfacded81dbbe4",
            "security_group_id": "sg-02689d449857ef267",
            "security_group_rule_id": "sgr-0a683d3f411267b62",
            "tags": null,
            "tags_all": {},
            "to_port": 5432
          },
          "sensitive_attributes": [],
          "identity_schema_version": 0,
          "dependencies": [
            "aws_security_group.demo1_app_server_sg",
            "aws_security_group.demo1_db_server_sg",
            "aws_vpc.demo1"
          ]
        }
      ]
    },
    {
      "mode": "managed",
      "type": "aws_vpc_security_group_ingress_rule",
      "name": "allow_in_http_jenkins_traffic",
      "provider": "provider[\"registry.terraform.io/hashicorp/aws\"]",
      "instances": [
        {
          "index_key": "181.51.33.104/32",
          "schema_version": 0,
          "attributes": {
            "arn": "arn:aws:ec2:us-east-1:414092415776:security-group-rule/sgr-03de5c3a5439c1386",
            "cidr_ipv4": "181.51.33.104/32",
            "cidr_ipv6": null,
            "description": "Allow inbound HTTP from admins to access the jenkins dashboard",
            "from_port": 8080,
            "id": "sgr-03de5c3a5439c1386",
            "ip_protocol": "tcp",
            "prefix_list_id": null,
            "referenced_security_group_id": null,
            "security_group_id": "sg-0d312999c3889cac9",
            "security_group_rule_id": "sgr-03de5c3a5439c1386",
            "tags": null,
            "tags_all": {},
            "to_port": 8080
          },
          "sensitive_attributes": [],
          "identity_schema_version": 0,
          "dependencies": [
            "aws_security_group.demo1_cicd_server_sg",
            "aws_vpc.demo1"
          ]
        }
      ]
    },
    {
      "mode": "managed",
      "type": "aws_vpc_security_group_ingress_rule",
      "name": "allow_in_http_traffic",
      "provider": "provider[\"registry.terraform.io/hashicorp/aws\"]",
      "instances": [
        {
          "schema_version": 0,
          "attributes": {
            "arn": "arn:aws:ec2:us-east-1:414092415776:security-group-rule/sgr-0f7c104bba94e9c68",
            "cidr_ipv4": "0.0.0.0/0",
            "cidr_ipv6": null,
            "description": "Allow inbound HTTP from anywhere",
            "from_port": 80,
            "id": "sgr-0f7c104bba94e9c68",
            "ip_protocol": "tcp",
            "prefix_list_id": null,
            "referenced_security_group_id": null,
            "security_group_id": "sg-074cfacded81dbbe4",
            "security_group_rule_id": "sgr-0f7c104bba94e9c68",
            "tags": null,
            "tags_all": {},
            "to_port": 80
          },
          "sensitive_attributes": [],
          "identity_schema_version": 0,
          "dependencies": [
            "aws_security_group.demo1_app_server_sg",
            "aws_vpc.demo1"
          ]
        }
      ]
    },
    {
      "mode": "managed",
      "type": "aws_vpc_security_group_ingress_rule",
      "name": "allow_in_https_traffic",
      "provider": "provider[\"registry.terraform.io/hashicorp/aws\"]",
      "instances": [
        {
          "index_key": "app_server_181.51.33.104/32",
          "schema_version": 0,
          "attributes": {
            "arn": "arn:aws:ec2:us-east-1:414092415776:security-group-rule/sgr-0ffb49b6e58565967",
            "cidr_ipv4": "181.51.33.104/32",
            "cidr_ipv6": null,
            "description": "Allow inbound HTTPS from anywhere",
            "from_port": 443,
            "id": "sgr-0ffb49b6e58565967",
            "ip_protocol": "tcp",
            "prefix_list_id": null,
            "referenced_security_group_id": null,
            "security_group_id": "sg-074cfacded81dbbe4",
            "security_group_rule_id": "sgr-0ffb49b6e58565967",
            "tags": null,
            "tags_all": {},
            "to_port": 443
          },
          "sensitive_attributes": [],
          "identity_schema_version": 0,
          "dependencies": [
            "aws_security_group.demo1_app_server_sg",
            "aws_security_group.demo1_cicd_server_sg",
            "aws_vpc.demo1"
          ]
        },
        {
          "index_key": "cicd_server_181.51.33.104/32",
          "schema_version": 0,
          "attributes": {
            "arn": "arn:aws:ec2:us-east-1:414092415776:security-group-rule/sgr-00360fb28b46cd66b",
            "cidr_ipv4": "181.51.33.104/32",
            "cidr_ipv6": null,
            "description": "Allow inbound HTTPS from anywhere",
            "from_port": 443,
            "id": "sgr-00360fb28b46cd66b",
            "ip_protocol": "tcp",
            "prefix_list_id": null,
            "referenced_security_group_id": null,
            "security_group_id": "sg-0d312999c3889cac9",
            "security_group_rule_id": "sgr-00360fb28b46cd66b",
            "tags": null,
            "tags_all": {},
            "to_port": 443
          },
          "sensitive_attributes": [],
          "identity_schema_version": 0,
          "dependencies": [
            "aws_security_group.demo1_app_server_sg",
            "aws_security_group.demo1_cicd_server_sg",
            "aws_vpc.demo1"
          ]
        }
      ]
    },
    {
      "mode": "managed",
      "type": "aws_vpc_security_group_ingress_rule",
      "name": "allow_in_ssh_traffic",
      "provider": "provider[\"registry.terraform.io/hashicorp/aws\"]",
      "instances": [
        {
          "index_key": "app_server_181.51.33.104/32",
          "schema_version": 0,
          "attributes": {
            "arn": "arn:aws:ec2:us-east-1:414092415776:security-group-rule/sgr-04f3b162f6aed000b",
            "cidr_ipv4": "181.51.33.104/32",
            "cidr_ipv6": null,
            "description": "Allow inbound SSH from admins IPs",
            "from_port": 22,
            "id": "sgr-04f3b162f6aed000b",
            "ip_protocol": "tcp",
            "prefix_list_id": null,
            "referenced_security_group_id": null,
            "security_group_id": "sg-074cfacded81dbbe4",
            "security_group_rule_id": "sgr-04f3b162f6aed000b",
            "tags": null,
            "tags_all": {},
            "to_port": 22
          },
          "sensitive_attributes": [],
          "identity_schema_version": 0,
          "dependencies": [
            "aws_security_group.demo1_app_server_sg",
            "aws_security_group.demo1_cicd_server_sg",
            "aws_vpc.demo1"
          ]
        },
        {
          "index_key": "cicd_server_181.51.33.104/32",
          "schema_version": 0,
          "attributes": {
            "arn": "arn:aws:ec2:us-east-1:414092415776:security-group-rule/sgr-0b98b6d0b61bf9090",
            "cidr_ipv4": "181.51.33.104/32",
            "cidr_ipv6": null,
            "description": "Allow inbound SSH from admins IPs",
            "from_port": 22,
            "id": "sgr-0b98b6d0b61bf9090",
            "ip_protocol": "tcp",
            "prefix_list_id": null,
            "referenced_security_group_id": null,
            "security_group_id": "sg-0d312999c3889cac9",
            "security_group_rule_id": "sgr-0b98b6d0b61bf9090",
            "tags": null,
            "tags_all": {},
            "to_port": 22
          },
          "sensitive_attributes": [],
          "identity_schema_version": 0,
          "dependencies": [
            "aws_security_group.demo1_app_server_sg",
            "aws_security_group.demo1_cicd_server_sg",
            "aws_vpc.demo1"
          ]
        }
      ]
    }
  ],
  "check_results": null
}
